// !$*UTF8*$!
{
	archiveVersion = 1;
	classes = {
	};
	objectVersion = 56;
	objects = {

/* Begin PBXBuildFile section */
		175ACC172B05E0B900DC3522 /* AppDelegate.swift in Sources */ = {isa = PBXBuildFile; fileRef = 175ACC162B05E0B900DC3522 /* AppDelegate.swift */; };
		175ACC192B05E0B900DC3522 /* SceneDelegate.swift in Sources */ = {isa = PBXBuildFile; fileRef = 175ACC182B05E0B900DC3522 /* SceneDelegate.swift */; };
		175ACC1B2B05E0B900DC3522 /* ViewController.swift in Sources */ = {isa = PBXBuildFile; fileRef = 175ACC1A2B05E0B900DC3522 /* ViewController.swift */; };
		175ACC212B05E0B900DC3522 /* NBAApp.xcdatamodeld in Sources */ = {isa = PBXBuildFile; fileRef = 175ACC1F2B05E0B900DC3522 /* NBAApp.xcdatamodeld */; };
		175ACC232B05E0BA00DC3522 /* Assets.xcassets in Resources */ = {isa = PBXBuildFile; fileRef = 175ACC222B05E0BA00DC3522 /* Assets.xcassets */; };
		175ACC312B05F12C00DC3522 /* Secret.plist in Resources */ = {isa = PBXBuildFile; fileRef = 175ACC302B05F12C00DC3522 /* Secret.plist */; };
		175ACC362B05F29C00DC3522 /* NetworkManager.swift in Sources */ = {isa = PBXBuildFile; fileRef = 175ACC352B05F29C00DC3522 /* NetworkManager.swift */; };
		175ACC382B05F2A500DC3522 /* Endpoints.swift in Sources */ = {isa = PBXBuildFile; fileRef = 175ACC372B05F2A500DC3522 /* Endpoints.swift */; };
		175ACC3C2B05F97F00DC3522 /* SplashScreenViewController.swift in Sources */ = {isa = PBXBuildFile; fileRef = 175ACC3A2B05F97F00DC3522 /* SplashScreenViewController.swift */; };
		175ACC3D2B05F97F00DC3522 /* SplashScreenViewController.xib in Resources */ = {isa = PBXBuildFile; fileRef = 175ACC3B2B05F97F00DC3522 /* SplashScreenViewController.xib */; };
		175ACC412B06000400DC3522 /* CustomButton.xib in Resources */ = {isa = PBXBuildFile; fileRef = 175ACC402B06000400DC3522 /* CustomButton.xib */; };
		175ACC432B0600CD00DC3522 /* CustomButton.swift in Sources */ = {isa = PBXBuildFile; fileRef = 175ACC422B0600CD00DC3522 /* CustomButton.swift */; };
		175ACC452B06011B00DC3522 /* CodeHelper.swift in Sources */ = {isa = PBXBuildFile; fileRef = 175ACC442B06011B00DC3522 /* CodeHelper.swift */; };
		17D708512B0614E20031C682 /* AuthViewController.swift in Sources */ = {isa = PBXBuildFile; fileRef = 17D7084F2B0614E20031C682 /* AuthViewController.swift */; };
		17D708522B0614E20031C682 /* AuthViewController.xib in Resources */ = {isa = PBXBuildFile; fileRef = 17D708502B0614E20031C682 /* AuthViewController.xib */; };
		17D708552B0615410031C682 /* CustomTextField.xib in Resources */ = {isa = PBXBuildFile; fileRef = 17D708542B0615410031C682 /* CustomTextField.xib */; };
		17D708572B0615510031C682 /* CustomTextField.swift in Sources */ = {isa = PBXBuildFile; fileRef = 17D708562B0615510031C682 /* CustomTextField.swift */; };
		17D7085A2B06196D0031C682 /* CheckBox.xib in Resources */ = {isa = PBXBuildFile; fileRef = 17D708592B06196D0031C682 /* CheckBox.xib */; };
		17D7085E2B061A710031C682 /* CheckBox.swift in Sources */ = {isa = PBXBuildFile; fileRef = 17D7085D2B061A710031C682 /* CheckBox.swift */; };
		17D708612B061D460031C682 /* FloatingPanel in Frameworks */ = {isa = PBXBuildFile; productRef = 17D708602B061D460031C682 /* FloatingPanel */; };
		17D708642B06ECD70031C682 /* RxCocoa in Frameworks */ = {isa = PBXBuildFile; productRef = 17D708632B06ECD70031C682 /* RxCocoa */; };
		17D708662B06ECD70031C682 /* RxRelay in Frameworks */ = {isa = PBXBuildFile; productRef = 17D708652B06ECD70031C682 /* RxRelay */; };
		17D708682B06ECD70031C682 /* RxSwift in Frameworks */ = {isa = PBXBuildFile; productRef = 17D708672B06ECD70031C682 /* RxSwift */; };
		17D7086B2B07304E0031C682 /* Alamofire in Frameworks */ = {isa = PBXBuildFile; productRef = 17D7086A2B07304E0031C682 /* Alamofire */; };
/* End PBXBuildFile section */

/* Begin PBXFileReference section */
		175ACC132B05E0B900DC3522 /* NBAApp.app */ = {isa = PBXFileReference; explicitFileType = wrapper.application; includeInIndex = 0; path = NBAApp.app; sourceTree = BUILT_PRODUCTS_DIR; };
		175ACC162B05E0B900DC3522 /* AppDelegate.swift */ = {isa = PBXFileReference; lastKnownFileType = sourcecode.swift; path = AppDelegate.swift; sourceTree = "<group>"; };
		175ACC182B05E0B900DC3522 /* SceneDelegate.swift */ = {isa = PBXFileReference; lastKnownFileType = sourcecode.swift; path = SceneDelegate.swift; sourceTree = "<group>"; };
		175ACC1A2B05E0B900DC3522 /* ViewController.swift */ = {isa = PBXFileReference; lastKnownFileType = sourcecode.swift; path = ViewController.swift; sourceTree = "<group>"; };
		175ACC202B05E0B900DC3522 /* NBAApp.xcdatamodel */ = {isa = PBXFileReference; lastKnownFileType = wrapper.xcdatamodel; path = NBAApp.xcdatamodel; sourceTree = "<group>"; };
		175ACC222B05E0BA00DC3522 /* Assets.xcassets */ = {isa = PBXFileReference; lastKnownFileType = folder.assetcatalog; path = Assets.xcassets; sourceTree = "<group>"; };
		175ACC272B05E0BA00DC3522 /* Info.plist */ = {isa = PBXFileReference; lastKnownFileType = text.plist.xml; path = Info.plist; sourceTree = "<group>"; };
		175ACC302B05F12C00DC3522 /* Secret.plist */ = {isa = PBXFileReference; lastKnownFileType = text.plist.xml; path = Secret.plist; sourceTree = "<group>"; };
		175ACC352B05F29C00DC3522 /* NetworkManager.swift */ = {isa = PBXFileReference; lastKnownFileType = sourcecode.swift; path = NetworkManager.swift; sourceTree = "<group>"; };
		175ACC372B05F2A500DC3522 /* Endpoints.swift */ = {isa = PBXFileReference; lastKnownFileType = sourcecode.swift; path = Endpoints.swift; sourceTree = "<group>"; };
		175ACC3A2B05F97F00DC3522 /* SplashScreenViewController.swift */ = {isa = PBXFileReference; lastKnownFileType = sourcecode.swift; path = SplashScreenViewController.swift; sourceTree = "<group>"; };
		175ACC3B2B05F97F00DC3522 /* SplashScreenViewController.xib */ = {isa = PBXFileReference; lastKnownFileType = file.xib; path = SplashScreenViewController.xib; sourceTree = "<group>"; };
		175ACC402B06000400DC3522 /* CustomButton.xib */ = {isa = PBXFileReference; lastKnownFileType = file.xib; path = CustomButton.xib; sourceTree = "<group>"; };
		175ACC422B0600CD00DC3522 /* CustomButton.swift */ = {isa = PBXFileReference; lastKnownFileType = sourcecode.swift; path = CustomButton.swift; sourceTree = "<group>"; };
		175ACC442B06011B00DC3522 /* CodeHelper.swift */ = {isa = PBXFileReference; lastKnownFileType = sourcecode.swift; path = CodeHelper.swift; sourceTree = "<group>"; };
		17D7084F2B0614E20031C682 /* AuthViewController.swift */ = {isa = PBXFileReference; lastKnownFileType = sourcecode.swift; path = AuthViewController.swift; sourceTree = "<group>"; };
		17D708502B0614E20031C682 /* AuthViewController.xib */ = {isa = PBXFileReference; lastKnownFileType = file.xib; path = AuthViewController.xib; sourceTree = "<group>"; };
		17D708542B0615410031C682 /* CustomTextField.xib */ = {isa = PBXFileReference; lastKnownFileType = file.xib; path = CustomTextField.xib; sourceTree = "<group>"; };
		17D708562B0615510031C682 /* CustomTextField.swift */ = {isa = PBXFileReference; lastKnownFileType = sourcecode.swift; path = CustomTextField.swift; sourceTree = "<group>"; };
		17D708592B06196D0031C682 /* CheckBox.xib */ = {isa = PBXFileReference; lastKnownFileType = file.xib; path = CheckBox.xib; sourceTree = "<group>"; };
		17D7085D2B061A710031C682 /* CheckBox.swift */ = {isa = PBXFileReference; lastKnownFileType = sourcecode.swift; path = CheckBox.swift; sourceTree = "<group>"; };
/* End PBXFileReference section */

/* Begin PBXFrameworksBuildPhase section */
		175ACC102B05E0B900DC3522 /* Frameworks */ = {
			isa = PBXFrameworksBuildPhase;
			buildActionMask = 2147483647;
			files = (
				17D7086B2B07304E0031C682 /* Alamofire in Frameworks */,
				17D708662B06ECD70031C682 /* RxRelay in Frameworks */,
				17D708642B06ECD70031C682 /* RxCocoa in Frameworks */,
				17D708682B06ECD70031C682 /* RxSwift in Frameworks */,
				17D708612B061D460031C682 /* FloatingPanel in Frameworks */,
			);
			runOnlyForDeploymentPostprocessing = 0;
		};
/* End PBXFrameworksBuildPhase section */

/* Begin PBXGroup section */
		175ACC0A2B05E0B900DC3522 = {
			isa = PBXGroup;
			children = (
				175ACC152B05E0B900DC3522 /* NBAApp */,
				175ACC142B05E0B900DC3522 /* Products */,
			);
			sourceTree = "<group>";
		};
		175ACC142B05E0B900DC3522 /* Products */ = {
			isa = PBXGroup;
			children = (
				175ACC132B05E0B900DC3522 /* NBAApp.app */,
			);
			name = Products;
			sourceTree = "<group>";
		};
		175ACC152B05E0B900DC3522 /* NBAApp */ = {
			isa = PBXGroup;
			children = (
				175ACC2D2B05E6FC00DC3522 /* App */,
				175ACC332B05F27400DC3522 /* Resources */,
				175ACC3E2B05FFC000DC3522 /* CustomComponents */,
				175ACC322B05F26700DC3522 /* Module */,
				175ACC1A2B05E0B900DC3522 /* ViewController.swift */,
				175ACC222B05E0BA00DC3522 /* Assets.xcassets */,
				175ACC272B05E0BA00DC3522 /* Info.plist */,
				175ACC302B05F12C00DC3522 /* Secret.plist */,
				175ACC1F2B05E0B900DC3522 /* NBAApp.xcdatamodeld */,
			);
			path = NBAApp;
			sourceTree = "<group>";
		};
		175ACC2D2B05E6FC00DC3522 /* App */ = {
			isa = PBXGroup;
			children = (
				175ACC162B05E0B900DC3522 /* AppDelegate.swift */,
				175ACC182B05E0B900DC3522 /* SceneDelegate.swift */,
			);
			path = App;
			sourceTree = "<group>";
		};
		175ACC322B05F26700DC3522 /* Module */ = {
			isa = PBXGroup;
			children = (
				175ACC392B05F96000DC3522 /* SplashScreen */,
				17D7084E2B0613B60031C682 /* Authentication */,
			);
			path = Module;
			sourceTree = "<group>";
		};
		175ACC332B05F27400DC3522 /* Resources */ = {
			isa = PBXGroup;
			children = (
				175ACC342B05F28700DC3522 /* Helper */,
			);
			path = Resources;
			sourceTree = "<group>";
		};
		175ACC342B05F28700DC3522 /* Helper */ = {
			isa = PBXGroup;
			children = (
				175ACC352B05F29C00DC3522 /* NetworkManager.swift */,
				175ACC372B05F2A500DC3522 /* Endpoints.swift */,
				175ACC442B06011B00DC3522 /* CodeHelper.swift */,
			);
			path = Helper;
			sourceTree = "<group>";
		};
		175ACC392B05F96000DC3522 /* SplashScreen */ = {
			isa = PBXGroup;
			children = (
				175ACC3A2B05F97F00DC3522 /* SplashScreenViewController.swift */,
				175ACC3B2B05F97F00DC3522 /* SplashScreenViewController.xib */,
			);
			path = SplashScreen;
			sourceTree = "<group>";
		};
		175ACC3E2B05FFC000DC3522 /* CustomComponents */ = {
			isa = PBXGroup;
			children = (
				17D708582B0619590031C682 /* CustomCheckBox */,
				17D708532B06152C0031C682 /* CustomTextField */,
				175ACC3F2B05FFCC00DC3522 /* CustomButton */,
			);
			path = CustomComponents;
			sourceTree = "<group>";
		};
		175ACC3F2B05FFCC00DC3522 /* CustomButton */ = {
			isa = PBXGroup;
			children = (
				175ACC422B0600CD00DC3522 /* CustomButton.swift */,
				175ACC402B06000400DC3522 /* CustomButton.xib */,
			);
			path = CustomButton;
			sourceTree = "<group>";
		};
		17D7084E2B0613B60031C682 /* Authentication */ = {
			isa = PBXGroup;
			children = (
				17D7084F2B0614E20031C682 /* AuthViewController.swift */,
				17D708502B0614E20031C682 /* AuthViewController.xib */,
			);
			path = Authentication;
			sourceTree = "<group>";
		};
		17D708532B06152C0031C682 /* CustomTextField */ = {
			isa = PBXGroup;
			children = (
				17D708562B0615510031C682 /* CustomTextField.swift */,
				17D708542B0615410031C682 /* CustomTextField.xib */,
			);
			path = CustomTextField;
			sourceTree = "<group>";
		};
		17D708582B0619590031C682 /* CustomCheckBox */ = {
			isa = PBXGroup;
			children = (
				17D7085D2B061A710031C682 /* CheckBox.swift */,
				17D708592B06196D0031C682 /* CheckBox.xib */,
			);
			path = CustomCheckBox;
			sourceTree = "<group>";
		};
/* End PBXGroup section */

/* Begin PBXNativeTarget section */
		175ACC122B05E0B900DC3522 /* NBAApp */ = {
			isa = PBXNativeTarget;
			buildConfigurationList = 175ACC2A2B05E0BA00DC3522 /* Build configuration list for PBXNativeTarget "NBAApp" */;
			buildPhases = (
				175ACC0F2B05E0B900DC3522 /* Sources */,
				175ACC102B05E0B900DC3522 /* Frameworks */,
				175ACC112B05E0B900DC3522 /* Resources */,
			);
			buildRules = (
			);
			dependencies = (
			);
			name = NBAApp;
			packageProductDependencies = (
				17D708602B061D460031C682 /* FloatingPanel */,
				17D708632B06ECD70031C682 /* RxCocoa */,
				17D708652B06ECD70031C682 /* RxRelay */,
				17D708672B06ECD70031C682 /* RxSwift */,
				17D7086A2B07304E0031C682 /* Alamofire */,
			);
			productName = NBAApp;
			productReference = 175ACC132B05E0B900DC3522 /* NBAApp.app */;
			productType = "com.apple.product-type.application";
		};
/* End PBXNativeTarget section */

/* Begin PBXProject section */
		175ACC0B2B05E0B900DC3522 /* Project object */ = {
			isa = PBXProject;
			attributes = {
				BuildIndependentTargetsInParallel = 1;
				LastSwiftUpdateCheck = 1410;
				LastUpgradeCheck = 1410;
				TargetAttributes = {
					175ACC122B05E0B900DC3522 = {
						CreatedOnToolsVersion = 14.1;
					};
				};
			};
			buildConfigurationList = 175ACC0E2B05E0B900DC3522 /* Build configuration list for PBXProject "NBAApp" */;
			compatibilityVersion = "Xcode 14.0";
			developmentRegion = en;
			hasScannedForEncodings = 0;
			knownRegions = (
				en,
				Base,
			);
			mainGroup = 175ACC0A2B05E0B900DC3522;
			packageReferences = (
				17D7085F2B061D460031C682 /* XCRemoteSwiftPackageReference "FloatingPanel" */,
				17D708622B06ECD70031C682 /* XCRemoteSwiftPackageReference "RxSwift" */,
				17D708692B07304E0031C682 /* XCRemoteSwiftPackageReference "Alamofire" */,
			);
			productRefGroup = 175ACC142B05E0B900DC3522 /* Products */;
			projectDirPath = "";
			projectRoot = "";
			targets = (
				175ACC122B05E0B900DC3522 /* NBAApp */,
			);
		};
/* End PBXProject section */

/* Begin PBXResourcesBuildPhase section */
		175ACC112B05E0B900DC3522 /* Resources */ = {
			isa = PBXResourcesBuildPhase;
			buildActionMask = 2147483647;
			files = (
				175ACC412B06000400DC3522 /* CustomButton.xib in Resources */,
				175ACC3D2B05F97F00DC3522 /* SplashScreenViewController.xib in Resources */,
				17D708552B0615410031C682 /* CustomTextField.xib in Resources */,
				17D708522B0614E20031C682 /* AuthViewController.xib in Resources */,
				175ACC312B05F12C00DC3522 /* Secret.plist in Resources */,
				17D7085A2B06196D0031C682 /* CheckBox.xib in Resources */,
				175ACC232B05E0BA00DC3522 /* Assets.xcassets in Resources */,
			);
			runOnlyForDeploymentPostprocessing = 0;
		};
/* End PBXResourcesBuildPhase section */

/* Begin PBXSourcesBuildPhase section */
		175ACC0F2B05E0B900DC3522 /* Sources */ = {
			isa = PBXSourcesBuildPhase;
			buildActionMask = 2147483647;
			files = (
				175ACC1B2B05E0B900DC3522 /* ViewController.swift in Sources */,
				17D708572B0615510031C682 /* CustomTextField.swift in Sources */,
				175ACC212B05E0B900DC3522 /* NBAApp.xcdatamodeld in Sources */,
				17D708512B0614E20031C682 /* AuthViewController.swift in Sources */,
				175ACC3C2B05F97F00DC3522 /* SplashScreenViewController.swift in Sources */,
				175ACC362B05F29C00DC3522 /* NetworkManager.swift in Sources */,
				175ACC452B06011B00DC3522 /* CodeHelper.swift in Sources */,
				175ACC432B0600CD00DC3522 /* CustomButton.swift in Sources */,
				17D7085E2B061A710031C682 /* CheckBox.swift in Sources */,
				175ACC172B05E0B900DC3522 /* AppDelegate.swift in Sources */,
				175ACC382B05F2A500DC3522 /* Endpoints.swift in Sources */,
				175ACC192B05E0B900DC3522 /* SceneDelegate.swift in Sources */,
			);
			runOnlyForDeploymentPostprocessing = 0;
		};
/* End PBXSourcesBuildPhase section */

/* Begin XCBuildConfiguration section */
		175ACC282B05E0BA00DC3522 /* Debug */ = {
			isa = XCBuildConfiguration;
			buildSettings = {
				ALWAYS_SEARCH_USER_PATHS = NO;
				CLANG_ANALYZER_NONNULL = YES;
				CLANG_ANALYZER_NUMBER_OBJECT_CONVERSION = YES_AGGRESSIVE;
				CLANG_CXX_LANGUAGE_STANDARD = "gnu++20";
				CLANG_ENABLE_MODULES = YES;
				CLANG_ENABLE_OBJC_ARC = YES;
				CLANG_ENABLE_OBJC_WEAK = YES;
				CLANG_WARN_BLOCK_CAPTURE_AUTORELEASING = YES;
				CLANG_WARN_BOOL_CONVERSION = YES;
				CLANG_WARN_COMMA = YES;
				CLANG_WARN_CONSTANT_CONVERSION = YES;
				CLANG_WARN_DEPRECATED_OBJC_IMPLEMENTATIONS = YES;
				CLANG_WARN_DIRECT_OBJC_ISA_USAGE = YES_ERROR;
				CLANG_WARN_DOCUMENTATION_COMMENTS = YES;
				CLANG_WARN_EMPTY_BODY = YES;
				CLANG_WARN_ENUM_CONVERSION = YES;
				CLANG_WARN_INFINITE_RECURSION = YES;
				CLANG_WARN_INT_CONVERSION = YES;
				CLANG_WARN_NON_LITERAL_NULL_CONVERSION = YES;
				CLANG_WARN_OBJC_IMPLICIT_RETAIN_SELF = YES;
				CLANG_WARN_OBJC_LITERAL_CONVERSION = YES;
				CLANG_WARN_OBJC_ROOT_CLASS = YES_ERROR;
				CLANG_WARN_QUOTED_INCLUDE_IN_FRAMEWORK_HEADER = YES;
				CLANG_WARN_RANGE_LOOP_ANALYSIS = YES;
				CLANG_WARN_STRICT_PROTOTYPES = YES;
				CLANG_WARN_SUSPICIOUS_MOVE = YES;
				CLANG_WARN_UNGUARDED_AVAILABILITY = YES_AGGRESSIVE;
				CLANG_WARN_UNREACHABLE_CODE = YES;
				CLANG_WARN__DUPLICATE_METHOD_MATCH = YES;
				COPY_PHASE_STRIP = NO;
				DEBUG_INFORMATION_FORMAT = dwarf;
				ENABLE_STRICT_OBJC_MSGSEND = YES;
				ENABLE_TESTABILITY = YES;
				GCC_C_LANGUAGE_STANDARD = gnu11;
				GCC_DYNAMIC_NO_PIC = NO;
				GCC_NO_COMMON_BLOCKS = YES;
				GCC_OPTIMIZATION_LEVEL = 0;
				GCC_PREPROCESSOR_DEFINITIONS = (
					"DEBUG=1",
					"$(inherited)",
				);
				GCC_WARN_64_TO_32_BIT_CONVERSION = YES;
				GCC_WARN_ABOUT_RETURN_TYPE = YES_ERROR;
				GCC_WARN_UNDECLARED_SELECTOR = YES;
				GCC_WARN_UNINITIALIZED_AUTOS = YES_AGGRESSIVE;
				GCC_WARN_UNUSED_FUNCTION = YES;
				GCC_WARN_UNUSED_VARIABLE = YES;
				IPHONEOS_DEPLOYMENT_TARGET = 16.1;
				MTL_ENABLE_DEBUG_INFO = INCLUDE_SOURCE;
				MTL_FAST_MATH = YES;
				ONLY_ACTIVE_ARCH = YES;
				SDKROOT = iphoneos;
				SWIFT_ACTIVE_COMPILATION_CONDITIONS = DEBUG;
				SWIFT_OPTIMIZATION_LEVEL = "-Onone";
			};
			name = Debug;
		};
		175ACC292B05E0BA00DC3522 /* Release */ = {
			isa = XCBuildConfiguration;
			buildSettings = {
				ALWAYS_SEARCH_USER_PATHS = NO;
				CLANG_ANALYZER_NONNULL = YES;
				CLANG_ANALYZER_NUMBER_OBJECT_CONVERSION = YES_AGGRESSIVE;
				CLANG_CXX_LANGUAGE_STANDARD = "gnu++20";
				CLANG_ENABLE_MODULES = YES;
				CLANG_ENABLE_OBJC_ARC = YES;
				CLANG_ENABLE_OBJC_WEAK = YES;
				CLANG_WARN_BLOCK_CAPTURE_AUTORELEASING = YES;
				CLANG_WARN_BOOL_CONVERSION = YES;
				CLANG_WARN_COMMA = YES;
				CLANG_WARN_CONSTANT_CONVERSION = YES;
				CLANG_WARN_DEPRECATED_OBJC_IMPLEMENTATIONS = YES;
				CLANG_WARN_DIRECT_OBJC_ISA_USAGE = YES_ERROR;
				CLANG_WARN_DOCUMENTATION_COMMENTS = YES;
				CLANG_WARN_EMPTY_BODY = YES;
				CLANG_WARN_ENUM_CONVERSION = YES;
				CLANG_WARN_INFINITE_RECURSION = YES;
				CLANG_WARN_INT_CONVERSION = YES;
				CLANG_WARN_NON_LITERAL_NULL_CONVERSION = YES;
				CLANG_WARN_OBJC_IMPLICIT_RETAIN_SELF = YES;
				CLANG_WARN_OBJC_LITERAL_CONVERSION = YES;
				CLANG_WARN_OBJC_ROOT_CLASS = YES_ERROR;
				CLANG_WARN_QUOTED_INCLUDE_IN_FRAMEWORK_HEADER = YES;
				CLANG_WARN_RANGE_LOOP_ANALYSIS = YES;
				CLANG_WARN_STRICT_PROTOTYPES = YES;
				CLANG_WARN_SUSPICIOUS_MOVE = YES;
				CLANG_WARN_UNGUARDED_AVAILABILITY = YES_AGGRESSIVE;
				CLANG_WARN_UNREACHABLE_CODE = YES;
				CLANG_WARN__DUPLICATE_METHOD_MATCH = YES;
				COPY_PHASE_STRIP = NO;
				DEBUG_INFORMATION_FORMAT = "dwarf-with-dsym";
				ENABLE_NS_ASSERTIONS = NO;
				ENABLE_STRICT_OBJC_MSGSEND = YES;
				GCC_C_LANGUAGE_STANDARD = gnu11;
				GCC_NO_COMMON_BLOCKS = YES;
				GCC_WARN_64_TO_32_BIT_CONVERSION = YES;
				GCC_WARN_ABOUT_RETURN_TYPE = YES_ERROR;
				GCC_WARN_UNDECLARED_SELECTOR = YES;
				GCC_WARN_UNINITIALIZED_AUTOS = YES_AGGRESSIVE;
				GCC_WARN_UNUSED_FUNCTION = YES;
				GCC_WARN_UNUSED_VARIABLE = YES;
				IPHONEOS_DEPLOYMENT_TARGET = 16.1;
				MTL_ENABLE_DEBUG_INFO = NO;
				MTL_FAST_MATH = YES;
				SDKROOT = iphoneos;
				SWIFT_COMPILATION_MODE = wholemodule;
				SWIFT_OPTIMIZATION_LEVEL = "-O";
				VALIDATE_PRODUCT = YES;
			};
			name = Release;
		};
		175ACC2B2B05E0BA00DC3522 /* Debug */ = {
			isa = XCBuildConfiguration;
			buildSettings = {
				ASSETCATALOG_COMPILER_APPICON_NAME = AppIcon;
				ASSETCATALOG_COMPILER_GLOBAL_ACCENT_COLOR_NAME = AccentColor;
				CODE_SIGN_STYLE = Automatic;
				CURRENT_PROJECT_VERSION = 1;
				DEVELOPMENT_TEAM = D98G8X42P8;
				GENERATE_INFOPLIST_FILE = YES;
				INFOPLIST_FILE = NBAApp/Info.plist;
				INFOPLIST_KEY_UIApplicationSupportsIndirectInputEvents = YES;
				INFOPLIST_KEY_UILaunchStoryboardName = LaunchScreen;
				INFOPLIST_KEY_UISupportedInterfaceOrientations_iPad = "UIInterfaceOrientationPortrait UIInterfaceOrientationPortraitUpsideDown UIInterfaceOrientationLandscapeLeft UIInterfaceOrientationLandscapeRight";
				INFOPLIST_KEY_UISupportedInterfaceOrientations_iPhone = "UIInterfaceOrientationPortrait UIInterfaceOrientationLandscapeLeft UIInterfaceOrientationLandscapeRight";
				LD_RUNPATH_SEARCH_PATHS = (
					"$(inherited)",
					"@executable_path/Frameworks",
				);
				MARKETING_VERSION = 1.0;
				PRODUCT_BUNDLE_IDENTIFIER = com.iplayallday.NBAApp;
				PRODUCT_NAME = "$(TARGET_NAME)";
				SWIFT_EMIT_LOC_STRINGS = YES;
				SWIFT_VERSION = 5.0;
				TARGETED_DEVICE_FAMILY = "1,2";
			};
			name = Debug;
		};
		175ACC2C2B05E0BA00DC3522 /* Release */ = {
			isa = XCBuildConfiguration;
			buildSettings = {
				ASSETCATALOG_COMPILER_APPICON_NAME = AppIcon;
				ASSETCATALOG_COMPILER_GLOBAL_ACCENT_COLOR_NAME = AccentColor;
				CODE_SIGN_STYLE = Automatic;
				CURRENT_PROJECT_VERSION = 1;
				DEVELOPMENT_TEAM = D98G8X42P8;
				GENERATE_INFOPLIST_FILE = YES;
				INFOPLIST_FILE = NBAApp/Info.plist;
				INFOPLIST_KEY_UIApplicationSupportsIndirectInputEvents = YES;
				INFOPLIST_KEY_UILaunchStoryboardName = LaunchScreen;
				INFOPLIST_KEY_UISupportedInterfaceOrientations_iPad = "UIInterfaceOrientationPortrait UIInterfaceOrientationPortraitUpsideDown UIInterfaceOrientationLandscapeLeft UIInterfaceOrientationLandscapeRight";
				INFOPLIST_KEY_UISupportedInterfaceOrientations_iPhone = "UIInterfaceOrientationPortrait UIInterfaceOrientationLandscapeLeft UIInterfaceOrientationLandscapeRight";
				LD_RUNPATH_SEARCH_PATHS = (
					"$(inherited)",
					"@executable_path/Frameworks",
				);
				MARKETING_VERSION = 1.0;
				PRODUCT_BUNDLE_IDENTIFIER = com.iplayallday.NBAApp;
				PRODUCT_NAME = "$(TARGET_NAME)";
				SWIFT_EMIT_LOC_STRINGS = YES;
				SWIFT_VERSION = 5.0;
				TARGETED_DEVICE_FAMILY = "1,2";
			};
			name = Release;
		};
/* End XCBuildConfiguration section */

/* Begin XCConfigurationList section */
		175ACC0E2B05E0B900DC3522 /* Build configuration list for PBXProject "NBAApp" */ = {
			isa = XCConfigurationList;
			buildConfigurations = (
				175ACC282B05E0BA00DC3522 /* Debug */,
				175ACC292B05E0BA00DC3522 /* Release */,
			);
			defaultConfigurationIsVisible = 0;
			defaultConfigurationName = Release;
		};
		175ACC2A2B05E0BA00DC3522 /* Build configuration list for PBXNativeTarget "NBAApp" */ = {
			isa = XCConfigurationList;
			buildConfigurations = (
				175ACC2B2B05E0BA00DC3522 /* Debug */,
				175ACC2C2B05E0BA00DC3522 /* Release */,
			);
			defaultConfigurationIsVisible = 0;
			defaultConfigurationName = Release;
		};
/* End XCConfigurationList section */

/* Begin XCRemoteSwiftPackageReference section */
		17D7085F2B061D460031C682 /* XCRemoteSwiftPackageReference "FloatingPanel" */ = {
			isa = XCRemoteSwiftPackageReference;
			repositoryURL = "https://github.com/scenee/FloatingPanel";
			requirement = {
				branch = master;
				kind = branch;
			};
		};
		17D708622B06ECD70031C682 /* XCRemoteSwiftPackageReference "RxSwift" */ = {
			isa = XCRemoteSwiftPackageReference;
			repositoryURL = "https://github.com/ReactiveX/RxSwift.git";
			requirement = {
				branch = main;
				kind = branch;
			};
		};
		17D708692B07304E0031C682 /* XCRemoteSwiftPackageReference "Alamofire" */ = {
			isa = XCRemoteSwiftPackageReference;
			repositoryURL = "https://github.com/Alamofire/Alamofire.git";
			requirement = {
				kind = upToNextMajorVersion;
				minimumVersion = 5.0.0;
			};
		};
/* End XCRemoteSwiftPackageReference section */

/* Begin XCSwiftPackageProductDependency section */
		17D708602B061D460031C682 /* FloatingPanel */ = {
			isa = XCSwiftPackageProductDependency;
			package = 17D7085F2B061D460031C682 /* XCRemoteSwiftPackageReference "FloatingPanel" */;
			productName = FloatingPanel;
		};
		17D708632B06ECD70031C682 /* RxCocoa */ = {
			isa = XCSwiftPackageProductDependency;
			package = 17D708622B06ECD70031C682 /* XCRemoteSwiftPackageReference "RxSwift" */;
			productName = RxCocoa;
		};
		17D708652B06ECD70031C682 /* RxRelay */ = {
			isa = XCSwiftPackageProductDependency;
			package = 17D708622B06ECD70031C682 /* XCRemoteSwiftPackageReference "RxSwift" */;
			productName = RxRelay;
		};
		17D708672B06ECD70031C682 /* RxSwift */ = {
			isa = XCSwiftPackageProductDependency;
			package = 17D708622B06ECD70031C682 /* XCRemoteSwiftPackageReference "RxSwift" */;
			productName = RxSwift;
		};
		17D7086A2B07304E0031C682 /* Alamofire */ = {
			isa = XCSwiftPackageProductDependency;
			package = 17D708692B07304E0031C682 /* XCRemoteSwiftPackageReference "Alamofire" */;
			productName = Alamofire;
		};
/* End XCSwiftPackageProductDependency section */

/* Begin XCVersionGroup section */
		175ACC1F2B05E0B900DC3522 /* NBAApp.xcdatamodeld */ = {
			isa = XCVersionGroup;
			children = (
				175ACC202B05E0B900DC3522 /* NBAApp.xcdatamodel */,
			);
			currentVersion = 175ACC202B05E0B900DC3522 /* NBAApp.xcdatamodel */;
			path = NBAApp.xcdatamodeld;
			sourceTree = "<group>";
			versionGroupType = wrapper.xcdatamodel;
		};
/* End XCVersionGroup section */
	};
	rootObject = 175ACC0B2B05E0B900DC3522 /* Project object */;
}
