// !$*UTF8*$!
{
	archiveVersion = 1;
	classes = {
	};
	objectVersion = 56;
	objects = {

/* Begin PBXBuildFile section */
		1706B8BF2B0C52B2004EA55E /* TiersViewController.swift in Sources */ = {isa = PBXBuildFile; fileRef = 1706B8BD2B0C52B2004EA55E /* TiersViewController.swift */; };
		1706B8C02B0C52B2004EA55E /* TiersViewController.xib in Resources */ = {isa = PBXBuildFile; fileRef = 1706B8BE2B0C52B2004EA55E /* TiersViewController.xib */; };
		1706B8C32B0C5318004EA55E /* TierContents.swift in Sources */ = {isa = PBXBuildFile; fileRef = 1706B8C22B0C5318004EA55E /* TierContents.swift */; };
		1706B8C82B0C5745004EA55E /* TiersCollectionViewCell.swift in Sources */ = {isa = PBXBuildFile; fileRef = 1706B8C62B0C5745004EA55E /* TiersCollectionViewCell.swift */; };
		1706B8C92B0C5745004EA55E /* TiersCollectionViewCell.xib in Resources */ = {isa = PBXBuildFile; fileRef = 1706B8C72B0C5745004EA55E /* TiersCollectionViewCell.xib */; };
		1706B8CE2B0C6B0E004EA55E /* WeaponViewController.swift in Sources */ = {isa = PBXBuildFile; fileRef = 1706B8CC2B0C6B0E004EA55E /* WeaponViewController.swift */; };
		1706B8CF2B0C6B0E004EA55E /* WeaponViewController.xib in Resources */ = {isa = PBXBuildFile; fileRef = 1706B8CD2B0C6B0E004EA55E /* WeaponViewController.xib */; };
		1706B8D22B0C6D5B004EA55E /* WeaponContents.swift in Sources */ = {isa = PBXBuildFile; fileRef = 1706B8D12B0C6D5B004EA55E /* WeaponContents.swift */; };
		1706B8D72B0C8B6F004EA55E /* GearCollectionViewCell.swift in Sources */ = {isa = PBXBuildFile; fileRef = 1706B8D52B0C8B6F004EA55E /* GearCollectionViewCell.swift */; };
		1706B8D82B0C8B6F004EA55E /* GearCollectionViewCell.xib in Resources */ = {isa = PBXBuildFile; fileRef = 1706B8D62B0C8B6F004EA55E /* GearCollectionViewCell.xib */; };
		1706B8DC2B0C8BE4004EA55E /* WeaponCollectionViewCell.swift in Sources */ = {isa = PBXBuildFile; fileRef = 1706B8DA2B0C8BE4004EA55E /* WeaponCollectionViewCell.swift */; };
		1706B8DD2B0C8BE4004EA55E /* WeaponCollectionViewCell.xib in Resources */ = {isa = PBXBuildFile; fileRef = 1706B8DB2B0C8BE4004EA55E /* WeaponCollectionViewCell.xib */; };
		1706B8E02B0C8FBE004EA55E /* TooltipView.swift in Sources */ = {isa = PBXBuildFile; fileRef = 1706B8DF2B0C8FBE004EA55E /* TooltipView.swift */; };
		1706B8E52B0C9C06004EA55E /* SprayViewController.swift in Sources */ = {isa = PBXBuildFile; fileRef = 1706B8E32B0C9C06004EA55E /* SprayViewController.swift */; };
		1706B8E62B0C9C06004EA55E /* SprayViewController.xib in Resources */ = {isa = PBXBuildFile; fileRef = 1706B8E42B0C9C06004EA55E /* SprayViewController.xib */; };
		1706B8E92B0C9C21004EA55E /* SprayContents.swift in Sources */ = {isa = PBXBuildFile; fileRef = 1706B8E82B0C9C21004EA55E /* SprayContents.swift */; };
		173E9B7B2B0AF1A000C37C48 /* AuthViewController.xib in Resources */ = {isa = PBXBuildFile; fileRef = 173E9B7A2B0AF1A000C37C48 /* AuthViewController.xib */; };
		173E9B852B0AF53F00C37C48 /* AgentCellTableViewCell.swift in Sources */ = {isa = PBXBuildFile; fileRef = 173E9B832B0AF53F00C37C48 /* AgentCellTableViewCell.swift */; };
		173E9B862B0AF53F00C37C48 /* AgentCellTableViewCell.xib in Resources */ = {isa = PBXBuildFile; fileRef = 173E9B842B0AF53F00C37C48 /* AgentCellTableViewCell.xib */; };
		173E9B892B0B011C00C37C48 /* Kingfisher in Frameworks */ = {isa = PBXBuildFile; productRef = 173E9B882B0B011C00C37C48 /* Kingfisher */; };
		173E9B8E2B0B04ED00C37C48 /* AgentDescViewController.swift in Sources */ = {isa = PBXBuildFile; fileRef = 173E9B8C2B0B04ED00C37C48 /* AgentDescViewController.swift */; };
		173E9B8F2B0B04ED00C37C48 /* AgentDescViewController.xib in Resources */ = {isa = PBXBuildFile; fileRef = 173E9B8D2B0B04ED00C37C48 /* AgentDescViewController.xib */; };
		173E9B942B0B149800C37C48 /* DescTableViewCell.swift in Sources */ = {isa = PBXBuildFile; fileRef = 173E9B922B0B149800C37C48 /* DescTableViewCell.swift */; };
		173E9B952B0B149800C37C48 /* DescTableViewCell.xib in Resources */ = {isa = PBXBuildFile; fileRef = 173E9B932B0B149800C37C48 /* DescTableViewCell.xib */; };
		173E9B982B0B44C500C37C48 /* ClassView.xib in Resources */ = {isa = PBXBuildFile; fileRef = 173E9B972B0B44C500C37C48 /* ClassView.xib */; };
		173E9B9A2B0B44D400C37C48 /* ClassView.swift in Sources */ = {isa = PBXBuildFile; fileRef = 173E9B992B0B44D400C37C48 /* ClassView.swift */; };
		173E9B9F2B0C44FC00C37C48 /* MapCollectionViewCell.swift in Sources */ = {isa = PBXBuildFile; fileRef = 173E9B9D2B0C44FC00C37C48 /* MapCollectionViewCell.swift */; };
		173E9BA02B0C44FC00C37C48 /* MapCollectionViewCell.xib in Resources */ = {isa = PBXBuildFile; fileRef = 173E9B9E2B0C44FC00C37C48 /* MapCollectionViewCell.xib */; };
		173E9BA42B0C4AE400C37C48 /* MapTableViewCell.swift in Sources */ = {isa = PBXBuildFile; fileRef = 173E9BA22B0C4AE400C37C48 /* MapTableViewCell.swift */; };
		173E9BA52B0C4AE400C37C48 /* MapTableViewCell.xib in Resources */ = {isa = PBXBuildFile; fileRef = 173E9BA32B0C4AE400C37C48 /* MapTableViewCell.xib */; };
		175ACC172B05E0B900DC3522 /* AppDelegate.swift in Sources */ = {isa = PBXBuildFile; fileRef = 175ACC162B05E0B900DC3522 /* AppDelegate.swift */; };
		175ACC192B05E0B900DC3522 /* SceneDelegate.swift in Sources */ = {isa = PBXBuildFile; fileRef = 175ACC182B05E0B900DC3522 /* SceneDelegate.swift */; };
		175ACC1B2B05E0B900DC3522 /* ViewController.swift in Sources */ = {isa = PBXBuildFile; fileRef = 175ACC1A2B05E0B900DC3522 /* ViewController.swift */; };
		175ACC212B05E0B900DC3522 /* NBAApp.xcdatamodeld in Sources */ = {isa = PBXBuildFile; fileRef = 175ACC1F2B05E0B900DC3522 /* NBAApp.xcdatamodeld */; };
		175ACC232B05E0BA00DC3522 /* Assets.xcassets in Resources */ = {isa = PBXBuildFile; fileRef = 175ACC222B05E0BA00DC3522 /* Assets.xcassets */; };
		175ACC312B05F12C00DC3522 /* Secret.plist in Resources */ = {isa = PBXBuildFile; fileRef = 175ACC302B05F12C00DC3522 /* Secret.plist */; };
		175ACC362B05F29C00DC3522 /* NetworkManager.swift in Sources */ = {isa = PBXBuildFile; fileRef = 175ACC352B05F29C00DC3522 /* NetworkManager.swift */; };
		175ACC382B05F2A500DC3522 /* Endpoints.swift in Sources */ = {isa = PBXBuildFile; fileRef = 175ACC372B05F2A500DC3522 /* Endpoints.swift */; };
		175ACC3C2B05F97F00DC3522 /* SplashScreenViewController.swift in Sources */ = {isa = PBXBuildFile; fileRef = 175ACC3A2B05F97F00DC3522 /* SplashScreenViewController.swift */; };
		175ACC3D2B05F97F00DC3522 /* SplashScreenViewController.xib in Resources */ = {isa = PBXBuildFile; fileRef = 175ACC3B2B05F97F00DC3522 /* SplashScreenViewController.xib */; };
		175ACC412B06000400DC3522 /* CustomButton.xib in Resources */ = {isa = PBXBuildFile; fileRef = 175ACC402B06000400DC3522 /* CustomButton.xib */; };
		175ACC432B0600CD00DC3522 /* CustomButton.swift in Sources */ = {isa = PBXBuildFile; fileRef = 175ACC422B0600CD00DC3522 /* CustomButton.swift */; };
		175ACC452B06011B00DC3522 /* CodeHelper.swift in Sources */ = {isa = PBXBuildFile; fileRef = 175ACC442B06011B00DC3522 /* CodeHelper.swift */; };
		1763163E2B0D9C81004664F5 /* AuthContents.swift in Sources */ = {isa = PBXBuildFile; fileRef = 1763163D2B0D9C81004664F5 /* AuthContents.swift */; };
		176316432B0DAAA5004664F5 /* StoreViewController.swift in Sources */ = {isa = PBXBuildFile; fileRef = 176316412B0DAAA5004664F5 /* StoreViewController.swift */; };
		176316442B0DAAA5004664F5 /* StoreViewController.xib in Resources */ = {isa = PBXBuildFile; fileRef = 176316422B0DAAA5004664F5 /* StoreViewController.xib */; };
		176316472B0EE2B5004664F5 /* StoreContents.swift in Sources */ = {isa = PBXBuildFile; fileRef = 176316462B0EE2B5004664F5 /* StoreContents.swift */; };
		1763164E2B0EE518004664F5 /* FirstTableViewCell.swift in Sources */ = {isa = PBXBuildFile; fileRef = 1763164C2B0EE518004664F5 /* FirstTableViewCell.swift */; };
		1763164F2B0EE518004664F5 /* FirstTableViewCell.xib in Resources */ = {isa = PBXBuildFile; fileRef = 1763164D2B0EE518004664F5 /* FirstTableViewCell.xib */; };
		176316522B0EE552004664F5 /* SecondTableViewCell.swift in Sources */ = {isa = PBXBuildFile; fileRef = 176316502B0EE552004664F5 /* SecondTableViewCell.swift */; };
		176316532B0EE552004664F5 /* SecondTableViewCell.xib in Resources */ = {isa = PBXBuildFile; fileRef = 176316512B0EE552004664F5 /* SecondTableViewCell.xib */; };
		176316572B0EE57E004664F5 /* ThirdTableViewCell.swift in Sources */ = {isa = PBXBuildFile; fileRef = 176316552B0EE57E004664F5 /* ThirdTableViewCell.swift */; };
		176316582B0EE57E004664F5 /* ThirdTableViewCell.xib in Resources */ = {isa = PBXBuildFile; fileRef = 176316562B0EE57E004664F5 /* ThirdTableViewCell.xib */; };
		1763165C2B0EEAC9004664F5 /* ItemCollectionViewCell.swift in Sources */ = {isa = PBXBuildFile; fileRef = 1763165A2B0EEAC9004664F5 /* ItemCollectionViewCell.swift */; };
		1763165D2B0EEAC9004664F5 /* ItemCollectionViewCell.xib in Resources */ = {isa = PBXBuildFile; fileRef = 1763165B2B0EEAC9004664F5 /* ItemCollectionViewCell.xib */; };
		176316612B0EEC37004664F5 /* Item2CollectionViewCell.swift in Sources */ = {isa = PBXBuildFile; fileRef = 1763165F2B0EEC37004664F5 /* Item2CollectionViewCell.swift */; };
		176316622B0EEC37004664F5 /* Item2CollectionViewCell.xib in Resources */ = {isa = PBXBuildFile; fileRef = 176316602B0EEC37004664F5 /* Item2CollectionViewCell.xib */; };
		1763166C2B0F26CB004664F5 /* TopUpViewController.swift in Sources */ = {isa = PBXBuildFile; fileRef = 1763166A2B0F26CB004664F5 /* TopUpViewController.swift */; };
		1763166D2B0F26CB004664F5 /* TopUpViewController.xib in Resources */ = {isa = PBXBuildFile; fileRef = 1763166B2B0F26CB004664F5 /* TopUpViewController.xib */; };
		176316712B0F281D004664F5 /* CustomSlider.swift in Sources */ = {isa = PBXBuildFile; fileRef = 1763166F2B0F281D004664F5 /* CustomSlider.swift */; };
		176316722B0F281D004664F5 /* CustomSlider.xib in Resources */ = {isa = PBXBuildFile; fileRef = 176316702B0F281D004664F5 /* CustomSlider.xib */; };
		1763167A2B0F2895004664F5 /* CartTableViewCell.swift in Sources */ = {isa = PBXBuildFile; fileRef = 176316782B0F2895004664F5 /* CartTableViewCell.swift */; };
		1763167B2B0F2895004664F5 /* CartTableViewCell.xib in Resources */ = {isa = PBXBuildFile; fileRef = 176316792B0F2895004664F5 /* CartTableViewCell.xib */; };
		176316802B0F31AF004664F5 /* GameScene.swift in Sources */ = {isa = PBXBuildFile; fileRef = 1763167F2B0F31AF004664F5 /* GameScene.swift */; };
		176316832B0F31CB004664F5 /* GameViewController.swift in Sources */ = {isa = PBXBuildFile; fileRef = 176316812B0F31CB004664F5 /* GameViewController.swift */; };
		176316842B0F31CB004664F5 /* GameViewController.xib in Resources */ = {isa = PBXBuildFile; fileRef = 176316822B0F31CB004664F5 /* GameViewController.xib */; };
		176316872B0F38D7004664F5 /* CartViewController.swift in Sources */ = {isa = PBXBuildFile; fileRef = 176316852B0F38D7004664F5 /* CartViewController.swift */; };
		176316882B0F38D7004664F5 /* CartViewController.xib in Resources */ = {isa = PBXBuildFile; fileRef = 176316862B0F38D7004664F5 /* CartViewController.xib */; };
		1763168A2B0F3E6E004664F5 /* CatchScene.swift in Sources */ = {isa = PBXBuildFile; fileRef = 176316892B0F3E6E004664F5 /* CatchScene.swift */; };
		1763168D2B103958004664F5 /* RxGesture in Frameworks */ = {isa = PBXBuildFile; productRef = 1763168C2B103958004664F5 /* RxGesture */; };
		176316912B103D92004664F5 /* PaymentTableViewCell.swift in Sources */ = {isa = PBXBuildFile; fileRef = 1763168F2B103D92004664F5 /* PaymentTableViewCell.swift */; };
		176316922B103D92004664F5 /* PaymentTableViewCell.xib in Resources */ = {isa = PBXBuildFile; fileRef = 176316902B103D92004664F5 /* PaymentTableViewCell.xib */; };
		17B6A73B2B0CAA380033C67A /* PopUpViewController.swift in Sources */ = {isa = PBXBuildFile; fileRef = 17B6A7392B0CAA380033C67A /* PopUpViewController.swift */; };
		17B6A73C2B0CAA380033C67A /* PopUpViewController.xib in Resources */ = {isa = PBXBuildFile; fileRef = 17B6A73A2B0CAA380033C67A /* PopUpViewController.xib */; };
		17D708512B0614E20031C682 /* AuthViewController.swift in Sources */ = {isa = PBXBuildFile; fileRef = 17D7084F2B0614E20031C682 /* AuthViewController.swift */; };
		17D708552B0615410031C682 /* CustomTextField.xib in Resources */ = {isa = PBXBuildFile; fileRef = 17D708542B0615410031C682 /* CustomTextField.xib */; };
		17D708572B0615510031C682 /* CustomTextField.swift in Sources */ = {isa = PBXBuildFile; fileRef = 17D708562B0615510031C682 /* CustomTextField.swift */; };
		17D7085A2B06196D0031C682 /* CheckBox.xib in Resources */ = {isa = PBXBuildFile; fileRef = 17D708592B06196D0031C682 /* CheckBox.xib */; };
		17D7085E2B061A710031C682 /* CheckBox.swift in Sources */ = {isa = PBXBuildFile; fileRef = 17D7085D2B061A710031C682 /* CheckBox.swift */; };
		17D708612B061D460031C682 /* FloatingPanel in Frameworks */ = {isa = PBXBuildFile; productRef = 17D708602B061D460031C682 /* FloatingPanel */; };
		17D708642B06ECD70031C682 /* RxCocoa in Frameworks */ = {isa = PBXBuildFile; productRef = 17D708632B06ECD70031C682 /* RxCocoa */; };
		17D708662B06ECD70031C682 /* RxRelay in Frameworks */ = {isa = PBXBuildFile; productRef = 17D708652B06ECD70031C682 /* RxRelay */; };
		17D708682B06ECD70031C682 /* RxSwift in Frameworks */ = {isa = PBXBuildFile; productRef = 17D708672B06ECD70031C682 /* RxSwift */; };
		17D7086B2B07304E0031C682 /* Alamofire in Frameworks */ = {isa = PBXBuildFile; productRef = 17D7086A2B07304E0031C682 /* Alamofire */; };
		17D708892B0741D10031C682 /* SideTableViewCell.swift in Sources */ = {isa = PBXBuildFile; fileRef = 17D708872B0741D10031C682 /* SideTableViewCell.swift */; };
		17D7088A2B0741D10031C682 /* SideTableViewCell.xib in Resources */ = {isa = PBXBuildFile; fileRef = 17D708882B0741D10031C682 /* SideTableViewCell.xib */; };
		17D7088D2B07433A0031C682 /* AgentsContents.swift in Sources */ = {isa = PBXBuildFile; fileRef = 17D7088C2B07433A0031C682 /* AgentsContents.swift */; };
		17D708912B0746C20031C682 /* SideViewController.swift in Sources */ = {isa = PBXBuildFile; fileRef = 17D7088F2B0746C20031C682 /* SideViewController.swift */; };
		17D708922B0746C20031C682 /* SideViewController.xib in Resources */ = {isa = PBXBuildFile; fileRef = 17D708902B0746C20031C682 /* SideViewController.xib */; };
		17D708982B0749D70031C682 /* MainContents.swift in Sources */ = {isa = PBXBuildFile; fileRef = 17D708972B0749D70031C682 /* MainContents.swift */; };
		17D7089B2B074AAA0031C682 /* AgentViewController.swift in Sources */ = {isa = PBXBuildFile; fileRef = 17D708992B074AAA0031C682 /* AgentViewController.swift */; };
		17D7089C2B074AAA0031C682 /* AgentViewController.xib in Resources */ = {isa = PBXBuildFile; fileRef = 17D7089A2B074AAA0031C682 /* AgentViewController.xib */; };
		17D708A12B074DBE0031C682 /* MainMenuViewController.swift in Sources */ = {isa = PBXBuildFile; fileRef = 17D7089F2B074DBE0031C682 /* MainMenuViewController.swift */; };
		17D708A22B074DBE0031C682 /* MainMenuViewController.xib in Resources */ = {isa = PBXBuildFile; fileRef = 17D708A02B074DBE0031C682 /* MainMenuViewController.xib */; };
/* End PBXBuildFile section */

/* Begin PBXFileReference section */
		1706B8BD2B0C52B2004EA55E /* TiersViewController.swift */ = {isa = PBXFileReference; lastKnownFileType = sourcecode.swift; path = TiersViewController.swift; sourceTree = "<group>"; };
		1706B8BE2B0C52B2004EA55E /* TiersViewController.xib */ = {isa = PBXFileReference; lastKnownFileType = file.xib; path = TiersViewController.xib; sourceTree = "<group>"; };
		1706B8C22B0C5318004EA55E /* TierContents.swift */ = {isa = PBXFileReference; lastKnownFileType = sourcecode.swift; path = TierContents.swift; sourceTree = "<group>"; };
		1706B8C62B0C5745004EA55E /* TiersCollectionViewCell.swift */ = {isa = PBXFileReference; lastKnownFileType = sourcecode.swift; path = TiersCollectionViewCell.swift; sourceTree = "<group>"; };
		1706B8C72B0C5745004EA55E /* TiersCollectionViewCell.xib */ = {isa = PBXFileReference; lastKnownFileType = file.xib; path = TiersCollectionViewCell.xib; sourceTree = "<group>"; };
		1706B8CC2B0C6B0E004EA55E /* WeaponViewController.swift */ = {isa = PBXFileReference; lastKnownFileType = sourcecode.swift; path = WeaponViewController.swift; sourceTree = "<group>"; };
		1706B8CD2B0C6B0E004EA55E /* WeaponViewController.xib */ = {isa = PBXFileReference; lastKnownFileType = file.xib; path = WeaponViewController.xib; sourceTree = "<group>"; };
		1706B8D12B0C6D5B004EA55E /* WeaponContents.swift */ = {isa = PBXFileReference; lastKnownFileType = sourcecode.swift; path = WeaponContents.swift; sourceTree = "<group>"; };
		1706B8D52B0C8B6F004EA55E /* GearCollectionViewCell.swift */ = {isa = PBXFileReference; lastKnownFileType = sourcecode.swift; path = GearCollectionViewCell.swift; sourceTree = "<group>"; };
		1706B8D62B0C8B6F004EA55E /* GearCollectionViewCell.xib */ = {isa = PBXFileReference; lastKnownFileType = file.xib; path = GearCollectionViewCell.xib; sourceTree = "<group>"; };
		1706B8DA2B0C8BE4004EA55E /* WeaponCollectionViewCell.swift */ = {isa = PBXFileReference; lastKnownFileType = sourcecode.swift; path = WeaponCollectionViewCell.swift; sourceTree = "<group>"; };
		1706B8DB2B0C8BE4004EA55E /* WeaponCollectionViewCell.xib */ = {isa = PBXFileReference; lastKnownFileType = file.xib; path = WeaponCollectionViewCell.xib; sourceTree = "<group>"; };
		1706B8DF2B0C8FBE004EA55E /* TooltipView.swift */ = {isa = PBXFileReference; lastKnownFileType = sourcecode.swift; path = TooltipView.swift; sourceTree = "<group>"; };
		1706B8E32B0C9C06004EA55E /* SprayViewController.swift */ = {isa = PBXFileReference; lastKnownFileType = sourcecode.swift; path = SprayViewController.swift; sourceTree = "<group>"; };
		1706B8E42B0C9C06004EA55E /* SprayViewController.xib */ = {isa = PBXFileReference; lastKnownFileType = file.xib; path = SprayViewController.xib; sourceTree = "<group>"; };
		1706B8E82B0C9C21004EA55E /* SprayContents.swift */ = {isa = PBXFileReference; lastKnownFileType = sourcecode.swift; path = SprayContents.swift; sourceTree = "<group>"; };
		173E9B7A2B0AF1A000C37C48 /* AuthViewController.xib */ = {isa = PBXFileReference; fileEncoding = 4; lastKnownFileType = file.xib; path = AuthViewController.xib; sourceTree = "<group>"; };
		173E9B832B0AF53F00C37C48 /* AgentCellTableViewCell.swift */ = {isa = PBXFileReference; lastKnownFileType = sourcecode.swift; path = AgentCellTableViewCell.swift; sourceTree = "<group>"; };
		173E9B842B0AF53F00C37C48 /* AgentCellTableViewCell.xib */ = {isa = PBXFileReference; lastKnownFileType = file.xib; path = AgentCellTableViewCell.xib; sourceTree = "<group>"; };
		173E9B8C2B0B04ED00C37C48 /* AgentDescViewController.swift */ = {isa = PBXFileReference; lastKnownFileType = sourcecode.swift; path = AgentDescViewController.swift; sourceTree = "<group>"; };
		173E9B8D2B0B04ED00C37C48 /* AgentDescViewController.xib */ = {isa = PBXFileReference; lastKnownFileType = file.xib; path = AgentDescViewController.xib; sourceTree = "<group>"; };
		173E9B922B0B149800C37C48 /* DescTableViewCell.swift */ = {isa = PBXFileReference; lastKnownFileType = sourcecode.swift; path = DescTableViewCell.swift; sourceTree = "<group>"; };
		173E9B932B0B149800C37C48 /* DescTableViewCell.xib */ = {isa = PBXFileReference; lastKnownFileType = file.xib; path = DescTableViewCell.xib; sourceTree = "<group>"; };
		173E9B972B0B44C500C37C48 /* ClassView.xib */ = {isa = PBXFileReference; lastKnownFileType = file.xib; path = ClassView.xib; sourceTree = "<group>"; };
		173E9B992B0B44D400C37C48 /* ClassView.swift */ = {isa = PBXFileReference; lastKnownFileType = sourcecode.swift; path = ClassView.swift; sourceTree = "<group>"; };
		173E9B9D2B0C44FC00C37C48 /* MapCollectionViewCell.swift */ = {isa = PBXFileReference; lastKnownFileType = sourcecode.swift; path = MapCollectionViewCell.swift; sourceTree = "<group>"; };
		173E9B9E2B0C44FC00C37C48 /* MapCollectionViewCell.xib */ = {isa = PBXFileReference; lastKnownFileType = file.xib; path = MapCollectionViewCell.xib; sourceTree = "<group>"; };
		173E9BA22B0C4AE400C37C48 /* MapTableViewCell.swift */ = {isa = PBXFileReference; lastKnownFileType = sourcecode.swift; path = MapTableViewCell.swift; sourceTree = "<group>"; };
		173E9BA32B0C4AE400C37C48 /* MapTableViewCell.xib */ = {isa = PBXFileReference; lastKnownFileType = file.xib; path = MapTableViewCell.xib; sourceTree = "<group>"; };
		175ACC132B05E0B900DC3522 /* NBAApp.app */ = {isa = PBXFileReference; explicitFileType = wrapper.application; includeInIndex = 0; path = NBAApp.app; sourceTree = BUILT_PRODUCTS_DIR; };
		175ACC162B05E0B900DC3522 /* AppDelegate.swift */ = {isa = PBXFileReference; lastKnownFileType = sourcecode.swift; path = AppDelegate.swift; sourceTree = "<group>"; };
		175ACC182B05E0B900DC3522 /* SceneDelegate.swift */ = {isa = PBXFileReference; lastKnownFileType = sourcecode.swift; path = SceneDelegate.swift; sourceTree = "<group>"; };
		175ACC1A2B05E0B900DC3522 /* ViewController.swift */ = {isa = PBXFileReference; lastKnownFileType = sourcecode.swift; path = ViewController.swift; sourceTree = "<group>"; };
		175ACC202B05E0B900DC3522 /* NBAApp.xcdatamodel */ = {isa = PBXFileReference; lastKnownFileType = wrapper.xcdatamodel; path = NBAApp.xcdatamodel; sourceTree = "<group>"; };
		175ACC222B05E0BA00DC3522 /* Assets.xcassets */ = {isa = PBXFileReference; lastKnownFileType = folder.assetcatalog; path = Assets.xcassets; sourceTree = "<group>"; };
		175ACC272B05E0BA00DC3522 /* Info.plist */ = {isa = PBXFileReference; lastKnownFileType = text.plist.xml; path = Info.plist; sourceTree = "<group>"; };
		175ACC302B05F12C00DC3522 /* Secret.plist */ = {isa = PBXFileReference; lastKnownFileType = text.plist.xml; path = Secret.plist; sourceTree = "<group>"; };
		175ACC352B05F29C00DC3522 /* NetworkManager.swift */ = {isa = PBXFileReference; lastKnownFileType = sourcecode.swift; path = NetworkManager.swift; sourceTree = "<group>"; };
		175ACC372B05F2A500DC3522 /* Endpoints.swift */ = {isa = PBXFileReference; lastKnownFileType = sourcecode.swift; path = Endpoints.swift; sourceTree = "<group>"; };
		175ACC3A2B05F97F00DC3522 /* SplashScreenViewController.swift */ = {isa = PBXFileReference; lastKnownFileType = sourcecode.swift; path = SplashScreenViewController.swift; sourceTree = "<group>"; };
		175ACC3B2B05F97F00DC3522 /* SplashScreenViewController.xib */ = {isa = PBXFileReference; lastKnownFileType = file.xib; path = SplashScreenViewController.xib; sourceTree = "<group>"; };
		175ACC402B06000400DC3522 /* CustomButton.xib */ = {isa = PBXFileReference; lastKnownFileType = file.xib; path = CustomButton.xib; sourceTree = "<group>"; };
		175ACC422B0600CD00DC3522 /* CustomButton.swift */ = {isa = PBXFileReference; lastKnownFileType = sourcecode.swift; path = CustomButton.swift; sourceTree = "<group>"; };
		175ACC442B06011B00DC3522 /* CodeHelper.swift */ = {isa = PBXFileReference; lastKnownFileType = sourcecode.swift; path = CodeHelper.swift; sourceTree = "<group>"; };
		1763163D2B0D9C81004664F5 /* AuthContents.swift */ = {isa = PBXFileReference; lastKnownFileType = sourcecode.swift; path = AuthContents.swift; sourceTree = "<group>"; };
		176316412B0DAAA5004664F5 /* StoreViewController.swift */ = {isa = PBXFileReference; lastKnownFileType = sourcecode.swift; path = StoreViewController.swift; sourceTree = "<group>"; };
		176316422B0DAAA5004664F5 /* StoreViewController.xib */ = {isa = PBXFileReference; lastKnownFileType = file.xib; path = StoreViewController.xib; sourceTree = "<group>"; };
		176316462B0EE2B5004664F5 /* StoreContents.swift */ = {isa = PBXFileReference; lastKnownFileType = sourcecode.swift; path = StoreContents.swift; sourceTree = "<group>"; };
		1763164C2B0EE518004664F5 /* FirstTableViewCell.swift */ = {isa = PBXFileReference; lastKnownFileType = sourcecode.swift; path = FirstTableViewCell.swift; sourceTree = "<group>"; };
		1763164D2B0EE518004664F5 /* FirstTableViewCell.xib */ = {isa = PBXFileReference; lastKnownFileType = file.xib; path = FirstTableViewCell.xib; sourceTree = "<group>"; };
		176316502B0EE552004664F5 /* SecondTableViewCell.swift */ = {isa = PBXFileReference; lastKnownFileType = sourcecode.swift; path = SecondTableViewCell.swift; sourceTree = "<group>"; };
		176316512B0EE552004664F5 /* SecondTableViewCell.xib */ = {isa = PBXFileReference; lastKnownFileType = file.xib; path = SecondTableViewCell.xib; sourceTree = "<group>"; };
		176316552B0EE57E004664F5 /* ThirdTableViewCell.swift */ = {isa = PBXFileReference; lastKnownFileType = sourcecode.swift; path = ThirdTableViewCell.swift; sourceTree = "<group>"; };
		176316562B0EE57E004664F5 /* ThirdTableViewCell.xib */ = {isa = PBXFileReference; lastKnownFileType = file.xib; path = ThirdTableViewCell.xib; sourceTree = "<group>"; };
		1763165A2B0EEAC9004664F5 /* ItemCollectionViewCell.swift */ = {isa = PBXFileReference; lastKnownFileType = sourcecode.swift; path = ItemCollectionViewCell.swift; sourceTree = "<group>"; };
		1763165B2B0EEAC9004664F5 /* ItemCollectionViewCell.xib */ = {isa = PBXFileReference; lastKnownFileType = file.xib; path = ItemCollectionViewCell.xib; sourceTree = "<group>"; };
		1763165F2B0EEC37004664F5 /* Item2CollectionViewCell.swift */ = {isa = PBXFileReference; lastKnownFileType = sourcecode.swift; path = Item2CollectionViewCell.swift; sourceTree = "<group>"; };
		176316602B0EEC37004664F5 /* Item2CollectionViewCell.xib */ = {isa = PBXFileReference; lastKnownFileType = file.xib; path = Item2CollectionViewCell.xib; sourceTree = "<group>"; };
		1763166A2B0F26CB004664F5 /* TopUpViewController.swift */ = {isa = PBXFileReference; lastKnownFileType = sourcecode.swift; path = TopUpViewController.swift; sourceTree = "<group>"; };
		1763166B2B0F26CB004664F5 /* TopUpViewController.xib */ = {isa = PBXFileReference; lastKnownFileType = file.xib; path = TopUpViewController.xib; sourceTree = "<group>"; };
		1763166F2B0F281D004664F5 /* CustomSlider.swift */ = {isa = PBXFileReference; fileEncoding = 4; lastKnownFileType = sourcecode.swift; path = CustomSlider.swift; sourceTree = "<group>"; };
		176316702B0F281D004664F5 /* CustomSlider.xib */ = {isa = PBXFileReference; fileEncoding = 4; lastKnownFileType = file.xib; path = CustomSlider.xib; sourceTree = "<group>"; };
		176316782B0F2895004664F5 /* CartTableViewCell.swift */ = {isa = PBXFileReference; fileEncoding = 4; lastKnownFileType = sourcecode.swift; path = CartTableViewCell.swift; sourceTree = "<group>"; };
		176316792B0F2895004664F5 /* CartTableViewCell.xib */ = {isa = PBXFileReference; fileEncoding = 4; lastKnownFileType = file.xib; path = CartTableViewCell.xib; sourceTree = "<group>"; };
		1763167F2B0F31AF004664F5 /* GameScene.swift */ = {isa = PBXFileReference; lastKnownFileType = sourcecode.swift; path = GameScene.swift; sourceTree = "<group>"; };
		176316812B0F31CB004664F5 /* GameViewController.swift */ = {isa = PBXFileReference; lastKnownFileType = sourcecode.swift; path = GameViewController.swift; sourceTree = "<group>"; };
		176316822B0F31CB004664F5 /* GameViewController.xib */ = {isa = PBXFileReference; lastKnownFileType = file.xib; path = GameViewController.xib; sourceTree = "<group>"; };
		176316852B0F38D7004664F5 /* CartViewController.swift */ = {isa = PBXFileReference; lastKnownFileType = sourcecode.swift; path = CartViewController.swift; sourceTree = "<group>"; };
		176316862B0F38D7004664F5 /* CartViewController.xib */ = {isa = PBXFileReference; lastKnownFileType = file.xib; path = CartViewController.xib; sourceTree = "<group>"; };
		176316892B0F3E6E004664F5 /* CatchScene.swift */ = {isa = PBXFileReference; lastKnownFileType = sourcecode.swift; path = CatchScene.swift; sourceTree = "<group>"; };
		1763168F2B103D92004664F5 /* PaymentTableViewCell.swift */ = {isa = PBXFileReference; lastKnownFileType = sourcecode.swift; path = PaymentTableViewCell.swift; sourceTree = "<group>"; };
		176316902B103D92004664F5 /* PaymentTableViewCell.xib */ = {isa = PBXFileReference; lastKnownFileType = file.xib; path = PaymentTableViewCell.xib; sourceTree = "<group>"; };
		17B6A7392B0CAA380033C67A /* PopUpViewController.swift */ = {isa = PBXFileReference; fileEncoding = 4; lastKnownFileType = sourcecode.swift; path = PopUpViewController.swift; sourceTree = "<group>"; };
		17B6A73A2B0CAA380033C67A /* PopUpViewController.xib */ = {isa = PBXFileReference; fileEncoding = 4; lastKnownFileType = file.xib; path = PopUpViewController.xib; sourceTree = "<group>"; };
		17D7084F2B0614E20031C682 /* AuthViewController.swift */ = {isa = PBXFileReference; lastKnownFileType = sourcecode.swift; path = AuthViewController.swift; sourceTree = "<group>"; };
		17D708542B0615410031C682 /* CustomTextField.xib */ = {isa = PBXFileReference; lastKnownFileType = file.xib; path = CustomTextField.xib; sourceTree = "<group>"; };
		17D708562B0615510031C682 /* CustomTextField.swift */ = {isa = PBXFileReference; lastKnownFileType = sourcecode.swift; path = CustomTextField.swift; sourceTree = "<group>"; };
		17D708592B06196D0031C682 /* CheckBox.xib */ = {isa = PBXFileReference; lastKnownFileType = file.xib; path = CheckBox.xib; sourceTree = "<group>"; };
		17D7085D2B061A710031C682 /* CheckBox.swift */ = {isa = PBXFileReference; lastKnownFileType = sourcecode.swift; path = CheckBox.swift; sourceTree = "<group>"; };
		17D708872B0741D10031C682 /* SideTableViewCell.swift */ = {isa = PBXFileReference; lastKnownFileType = sourcecode.swift; path = SideTableViewCell.swift; sourceTree = "<group>"; };
		17D708882B0741D10031C682 /* SideTableViewCell.xib */ = {isa = PBXFileReference; lastKnownFileType = file.xib; path = SideTableViewCell.xib; sourceTree = "<group>"; };
		17D7088C2B07433A0031C682 /* AgentsContents.swift */ = {isa = PBXFileReference; lastKnownFileType = sourcecode.swift; path = AgentsContents.swift; sourceTree = "<group>"; };
		17D7088F2B0746C20031C682 /* SideViewController.swift */ = {isa = PBXFileReference; lastKnownFileType = sourcecode.swift; path = SideViewController.swift; sourceTree = "<group>"; };
		17D708902B0746C20031C682 /* SideViewController.xib */ = {isa = PBXFileReference; lastKnownFileType = file.xib; path = SideViewController.xib; sourceTree = "<group>"; };
		17D708972B0749D70031C682 /* MainContents.swift */ = {isa = PBXFileReference; lastKnownFileType = sourcecode.swift; path = MainContents.swift; sourceTree = "<group>"; };
		17D708992B074AAA0031C682 /* AgentViewController.swift */ = {isa = PBXFileReference; lastKnownFileType = sourcecode.swift; path = AgentViewController.swift; sourceTree = "<group>"; };
		17D7089A2B074AAA0031C682 /* AgentViewController.xib */ = {isa = PBXFileReference; lastKnownFileType = file.xib; path = AgentViewController.xib; sourceTree = "<group>"; };
		17D7089F2B074DBE0031C682 /* MainMenuViewController.swift */ = {isa = PBXFileReference; lastKnownFileType = sourcecode.swift; path = MainMenuViewController.swift; sourceTree = "<group>"; };
		17D708A02B074DBE0031C682 /* MainMenuViewController.xib */ = {isa = PBXFileReference; lastKnownFileType = file.xib; path = MainMenuViewController.xib; sourceTree = "<group>"; };
/* End PBXFileReference section */

/* Begin PBXFrameworksBuildPhase section */
		175ACC102B05E0B900DC3522 /* Frameworks */ = {
			isa = PBXFrameworksBuildPhase;
			buildActionMask = 2147483647;
			files = (
				173E9B892B0B011C00C37C48 /* Kingfisher in Frameworks */,
				17D7086B2B07304E0031C682 /* Alamofire in Frameworks */,
				17D708662B06ECD70031C682 /* RxRelay in Frameworks */,
				17D708642B06ECD70031C682 /* RxCocoa in Frameworks */,
				17D708682B06ECD70031C682 /* RxSwift in Frameworks */,
				17D708612B061D460031C682 /* FloatingPanel in Frameworks */,
				1763168D2B103958004664F5 /* RxGesture in Frameworks */,
			);
			runOnlyForDeploymentPostprocessing = 0;
		};
/* End PBXFrameworksBuildPhase section */

/* Begin PBXGroup section */
		1706B8BB2B0C5298004EA55E /* Tiers */ = {
			isa = PBXGroup;
			children = (
				1706B8C12B0C530B004EA55E /* Model */,
				1706B8C42B0C572A004EA55E /* Components */,
				1706B8BC2B0C52A3004EA55E /* View */,
			);
			path = Tiers;
			sourceTree = "<group>";
		};
		1706B8BC2B0C52A3004EA55E /* View */ = {
			isa = PBXGroup;
			children = (
				1706B8BD2B0C52B2004EA55E /* TiersViewController.swift */,
				1706B8BE2B0C52B2004EA55E /* TiersViewController.xib */,
			);
			path = View;
			sourceTree = "<group>";
		};
		1706B8C12B0C530B004EA55E /* Model */ = {
			isa = PBXGroup;
			children = (
				1706B8C22B0C5318004EA55E /* TierContents.swift */,
			);
			path = Model;
			sourceTree = "<group>";
		};
		1706B8C42B0C572A004EA55E /* Components */ = {
			isa = PBXGroup;
			children = (
				1706B8C52B0C5732004EA55E /* TierCell */,
			);
			path = Components;
			sourceTree = "<group>";
		};
		1706B8C52B0C5732004EA55E /* TierCell */ = {
			isa = PBXGroup;
			children = (
				1706B8C62B0C5745004EA55E /* TiersCollectionViewCell.swift */,
				1706B8C72B0C5745004EA55E /* TiersCollectionViewCell.xib */,
			);
			path = TierCell;
			sourceTree = "<group>";
		};
		1706B8CA2B0C6AEF004EA55E /* Weaponary */ = {
			isa = PBXGroup;
			children = (
				1706B8D02B0C6D51004EA55E /* Model */,
				1706B8D32B0C8B51004EA55E /* Components */,
				1706B8CB2B0C6AFF004EA55E /* View */,
			);
			path = Weaponary;
			sourceTree = "<group>";
		};
		1706B8CB2B0C6AFF004EA55E /* View */ = {
			isa = PBXGroup;
			children = (
				1706B8CC2B0C6B0E004EA55E /* WeaponViewController.swift */,
				1706B8CD2B0C6B0E004EA55E /* WeaponViewController.xib */,
			);
			path = View;
			sourceTree = "<group>";
		};
		1706B8D02B0C6D51004EA55E /* Model */ = {
			isa = PBXGroup;
			children = (
				1706B8D12B0C6D5B004EA55E /* WeaponContents.swift */,
			);
			path = Model;
			sourceTree = "<group>";
		};
		1706B8D32B0C8B51004EA55E /* Components */ = {
			isa = PBXGroup;
			children = (
				1706B8D92B0C8BD6004EA55E /* WeaponCell */,
				1706B8D42B0C8B5A004EA55E /* GearCell */,
			);
			path = Components;
			sourceTree = "<group>";
		};
		1706B8D42B0C8B5A004EA55E /* GearCell */ = {
			isa = PBXGroup;
			children = (
				1706B8D52B0C8B6F004EA55E /* GearCollectionViewCell.swift */,
				1706B8D62B0C8B6F004EA55E /* GearCollectionViewCell.xib */,
			);
			path = GearCell;
			sourceTree = "<group>";
		};
		1706B8D92B0C8BD6004EA55E /* WeaponCell */ = {
			isa = PBXGroup;
			children = (
				1706B8DA2B0C8BE4004EA55E /* WeaponCollectionViewCell.swift */,
				1706B8DB2B0C8BE4004EA55E /* WeaponCollectionViewCell.xib */,
			);
			path = WeaponCell;
			sourceTree = "<group>";
		};
		1706B8DE2B0C8FA9004EA55E /* CustomToolTip */ = {
			isa = PBXGroup;
			children = (
				1706B8DF2B0C8FBE004EA55E /* TooltipView.swift */,
			);
			path = CustomToolTip;
			sourceTree = "<group>";
		};
		1706B8E12B0C9BE6004EA55E /* Spray */ = {
			isa = PBXGroup;
			children = (
				1706B8F32B0CA996004EA55E /* Components */,
				1706B8E22B0C9BF1004EA55E /* View */,
			);
			path = Spray;
			sourceTree = "<group>";
		};
		1706B8E22B0C9BF1004EA55E /* View */ = {
			isa = PBXGroup;
			children = (
				1706B8E32B0C9C06004EA55E /* SprayViewController.swift */,
				1706B8E42B0C9C06004EA55E /* SprayViewController.xib */,
			);
			path = View;
			sourceTree = "<group>";
		};
		1706B8E72B0C9C12004EA55E /* Model */ = {
			isa = PBXGroup;
			children = (
				1706B8E82B0C9C21004EA55E /* SprayContents.swift */,
			);
			path = Model;
			sourceTree = "<group>";
		};
		1706B8F32B0CA996004EA55E /* Components */ = {
			isa = PBXGroup;
			children = (
				1706B8E72B0C9C12004EA55E /* Model */,
				17B6A7382B0CAA170033C67A /* SprayPop */,
			);
			path = Components;
			sourceTree = "<group>";
		};
		173E9B822B0AF52000C37C48 /* Components */ = {
			isa = PBXGroup;
			children = (
				173E9B912B0B148800C37C48 /* DescCell */,
				173E9B902B0B148000C37C48 /* AgentCell */,
			);
			path = Components;
			sourceTree = "<group>";
		};
		173E9B8A2B0B04CF00C37C48 /* AgentView */ = {
			isa = PBXGroup;
			children = (
				17D708992B074AAA0031C682 /* AgentViewController.swift */,
				17D7089A2B074AAA0031C682 /* AgentViewController.xib */,
			);
			path = AgentView;
			sourceTree = "<group>";
		};
		173E9B8B2B0B04D800C37C48 /* DescView */ = {
			isa = PBXGroup;
			children = (
				173E9B8C2B0B04ED00C37C48 /* AgentDescViewController.swift */,
				173E9B8D2B0B04ED00C37C48 /* AgentDescViewController.xib */,
			);
			path = DescView;
			sourceTree = "<group>";
		};
		173E9B902B0B148000C37C48 /* AgentCell */ = {
			isa = PBXGroup;
			children = (
				173E9B832B0AF53F00C37C48 /* AgentCellTableViewCell.swift */,
				173E9B842B0AF53F00C37C48 /* AgentCellTableViewCell.xib */,
			);
			path = AgentCell;
			sourceTree = "<group>";
		};
		173E9B912B0B148800C37C48 /* DescCell */ = {
			isa = PBXGroup;
			children = (
				173E9B922B0B149800C37C48 /* DescTableViewCell.swift */,
				173E9B932B0B149800C37C48 /* DescTableViewCell.xib */,
			);
			path = DescCell;
			sourceTree = "<group>";
		};
		173E9B962B0B44B300C37C48 /* CustomClass */ = {
			isa = PBXGroup;
			children = (
				173E9B992B0B44D400C37C48 /* ClassView.swift */,
				173E9B972B0B44C500C37C48 /* ClassView.xib */,
			);
			path = CustomClass;
			sourceTree = "<group>";
		};
		173E9B9B2B0C44DB00C37C48 /* Components */ = {
			isa = PBXGroup;
			children = (
				173E9BA12B0C4AD100C37C48 /* MapTableCell */,
				173E9B9C2B0C44E500C37C48 /* MapCell */,
			);
			path = Components;
			sourceTree = "<group>";
		};
		173E9B9C2B0C44E500C37C48 /* MapCell */ = {
			isa = PBXGroup;
			children = (
				173E9B9D2B0C44FC00C37C48 /* MapCollectionViewCell.swift */,
				173E9B9E2B0C44FC00C37C48 /* MapCollectionViewCell.xib */,
			);
			path = MapCell;
			sourceTree = "<group>";
		};
		173E9BA12B0C4AD100C37C48 /* MapTableCell */ = {
			isa = PBXGroup;
			children = (
				173E9BA22B0C4AE400C37C48 /* MapTableViewCell.swift */,
				173E9BA32B0C4AE400C37C48 /* MapTableViewCell.xib */,
			);
			path = MapTableCell;
			sourceTree = "<group>";
		};
		175ACC0A2B05E0B900DC3522 = {
			isa = PBXGroup;
			children = (
				175ACC152B05E0B900DC3522 /* NBAApp */,
				175ACC142B05E0B900DC3522 /* Products */,
			);
			sourceTree = "<group>";
		};
		175ACC142B05E0B900DC3522 /* Products */ = {
			isa = PBXGroup;
			children = (
				175ACC132B05E0B900DC3522 /* NBAApp.app */,
			);
			name = Products;
			sourceTree = "<group>";
		};
		175ACC152B05E0B900DC3522 /* NBAApp */ = {
			isa = PBXGroup;
			children = (
				17D708722B073A250031C682 /* TestingUI */,
				175ACC2D2B05E6FC00DC3522 /* App */,
				175ACC332B05F27400DC3522 /* Resources */,
				175ACC3E2B05FFC000DC3522 /* CustomComponents */,
				175ACC322B05F26700DC3522 /* Module */,
				175ACC1A2B05E0B900DC3522 /* ViewController.swift */,
				175ACC222B05E0BA00DC3522 /* Assets.xcassets */,
				175ACC272B05E0BA00DC3522 /* Info.plist */,
				175ACC302B05F12C00DC3522 /* Secret.plist */,
				175ACC1F2B05E0B900DC3522 /* NBAApp.xcdatamodeld */,
			);
			path = NBAApp;
			sourceTree = "<group>";
		};
		175ACC2D2B05E6FC00DC3522 /* App */ = {
			isa = PBXGroup;
			children = (
				175ACC162B05E0B900DC3522 /* AppDelegate.swift */,
				175ACC182B05E0B900DC3522 /* SceneDelegate.swift */,
			);
			path = App;
			sourceTree = "<group>";
		};
		175ACC322B05F26700DC3522 /* Module */ = {
			isa = PBXGroup;
			children = (
				1763167C2B0F3193004664F5 /* GameScene */,
				175ACC392B05F96000DC3522 /* SplashScreen */,
				17D7084E2B0613B60031C682 /* Authentication */,
				17D708A32B0AE7BC0031C682 /* SideMenu */,
				17D708932B07492D0031C682 /* Main */,
				17D7086C2B07357F0031C682 /* Agents */,
				1763163F2B0DAA84004664F5 /* Store */,
				1706B8BB2B0C5298004EA55E /* Tiers */,
				1706B8CA2B0C6AEF004EA55E /* Weaponary */,
				1706B8E12B0C9BE6004EA55E /* Spray */,
			);
			path = Module;
			sourceTree = "<group>";
		};
		175ACC332B05F27400DC3522 /* Resources */ = {
			isa = PBXGroup;
			children = (
				175ACC342B05F28700DC3522 /* Helper */,
			);
			path = Resources;
			sourceTree = "<group>";
		};
		175ACC342B05F28700DC3522 /* Helper */ = {
			isa = PBXGroup;
			children = (
				175ACC352B05F29C00DC3522 /* NetworkManager.swift */,
				175ACC372B05F2A500DC3522 /* Endpoints.swift */,
				175ACC442B06011B00DC3522 /* CodeHelper.swift */,
			);
			path = Helper;
			sourceTree = "<group>";
		};
		175ACC392B05F96000DC3522 /* SplashScreen */ = {
			isa = PBXGroup;
			children = (
				175ACC3A2B05F97F00DC3522 /* SplashScreenViewController.swift */,
				175ACC3B2B05F97F00DC3522 /* SplashScreenViewController.xib */,
			);
			path = SplashScreen;
			sourceTree = "<group>";
		};
		175ACC3E2B05FFC000DC3522 /* CustomComponents */ = {
			isa = PBXGroup;
			children = (
				1763166E2B0F27B9004664F5 /* CustomSlider */,
				1706B8DE2B0C8FA9004EA55E /* CustomToolTip */,
				173E9B962B0B44B300C37C48 /* CustomClass */,
				17D708582B0619590031C682 /* CustomCheckBox */,
				17D708532B06152C0031C682 /* CustomTextField */,
				175ACC3F2B05FFCC00DC3522 /* CustomButton */,
			);
			path = CustomComponents;
			sourceTree = "<group>";
		};
		175ACC3F2B05FFCC00DC3522 /* CustomButton */ = {
			isa = PBXGroup;
			children = (
				175ACC422B0600CD00DC3522 /* CustomButton.swift */,
				175ACC402B06000400DC3522 /* CustomButton.xib */,
			);
			path = CustomButton;
			sourceTree = "<group>";
		};
		1763163B2B0D9C5F004664F5 /* Model */ = {
			isa = PBXGroup;
			children = (
				1763163D2B0D9C81004664F5 /* AuthContents.swift */,
			);
			path = Model;
			sourceTree = "<group>";
		};
		1763163C2B0D9C6A004664F5 /* View */ = {
			isa = PBXGroup;
			children = (
				17D7084F2B0614E20031C682 /* AuthViewController.swift */,
				173E9B7A2B0AF1A000C37C48 /* AuthViewController.xib */,
			);
			path = View;
			sourceTree = "<group>";
		};
		1763163F2B0DAA84004664F5 /* Store */ = {
			isa = PBXGroup;
			children = (
				176316452B0DAAAB004664F5 /* Model */,
				176316482B0EE492004664F5 /* Components */,
				176316402B0DAA97004664F5 /* View */,
			);
			path = Store;
			sourceTree = "<group>";
		};
		176316402B0DAA97004664F5 /* View */ = {
			isa = PBXGroup;
			children = (
				176316692B0F26BA004664F5 /* TopUpView */,
				176316642B0F01D4004664F5 /* StoreView */,
				176316632B0F01BF004664F5 /* CartView */,
			);
			path = View;
			sourceTree = "<group>";
		};
		176316452B0DAAAB004664F5 /* Model */ = {
			isa = PBXGroup;
			children = (
				176316462B0EE2B5004664F5 /* StoreContents.swift */,
			);
			path = Model;
			sourceTree = "<group>";
		};
		176316482B0EE492004664F5 /* Components */ = {
			isa = PBXGroup;
			children = (
				1763168E2B103D7B004664F5 /* PaymentCell */,
				176316772B0F2874004664F5 /* CartCell */,
				1763165E2B0EEC22004664F5 /* Item2Cell */,
				176316592B0EEAB2004664F5 /* ItemCell */,
				1763164B2B0EE4B5004664F5 /* ThirdCell */,
				1763164A2B0EE4AF004664F5 /* SecondCell */,
				176316492B0EE49C004664F5 /* FirstCell */,
			);
			path = Components;
			sourceTree = "<group>";
		};
		176316492B0EE49C004664F5 /* FirstCell */ = {
			isa = PBXGroup;
			children = (
				1763164C2B0EE518004664F5 /* FirstTableViewCell.swift */,
				1763164D2B0EE518004664F5 /* FirstTableViewCell.xib */,
			);
			path = FirstCell;
			sourceTree = "<group>";
		};
		1763164A2B0EE4AF004664F5 /* SecondCell */ = {
			isa = PBXGroup;
			children = (
				176316502B0EE552004664F5 /* SecondTableViewCell.swift */,
				176316512B0EE552004664F5 /* SecondTableViewCell.xib */,
			);
			path = SecondCell;
			sourceTree = "<group>";
		};
		1763164B2B0EE4B5004664F5 /* ThirdCell */ = {
			isa = PBXGroup;
			children = (
				176316552B0EE57E004664F5 /* ThirdTableViewCell.swift */,
				176316562B0EE57E004664F5 /* ThirdTableViewCell.xib */,
			);
			path = ThirdCell;
			sourceTree = "<group>";
		};
		176316592B0EEAB2004664F5 /* ItemCell */ = {
			isa = PBXGroup;
			children = (
				1763165A2B0EEAC9004664F5 /* ItemCollectionViewCell.swift */,
				1763165B2B0EEAC9004664F5 /* ItemCollectionViewCell.xib */,
			);
			path = ItemCell;
			sourceTree = "<group>";
		};
		1763165E2B0EEC22004664F5 /* Item2Cell */ = {
			isa = PBXGroup;
			children = (
				1763165F2B0EEC37004664F5 /* Item2CollectionViewCell.swift */,
				176316602B0EEC37004664F5 /* Item2CollectionViewCell.xib */,
			);
			path = Item2Cell;
			sourceTree = "<group>";
		};
		176316632B0F01BF004664F5 /* CartView */ = {
			isa = PBXGroup;
			children = (
				176316852B0F38D7004664F5 /* CartViewController.swift */,
				176316862B0F38D7004664F5 /* CartViewController.xib */,
			);
			path = CartView;
			sourceTree = "<group>";
		};
		176316642B0F01D4004664F5 /* StoreView */ = {
			isa = PBXGroup;
			children = (
				176316412B0DAAA5004664F5 /* StoreViewController.swift */,
				176316422B0DAAA5004664F5 /* StoreViewController.xib */,
			);
			path = StoreView;
			sourceTree = "<group>";
		};
		176316692B0F26BA004664F5 /* TopUpView */ = {
			isa = PBXGroup;
			children = (
				1763166A2B0F26CB004664F5 /* TopUpViewController.swift */,
				1763166B2B0F26CB004664F5 /* TopUpViewController.xib */,
			);
			path = TopUpView;
			sourceTree = "<group>";
		};
		1763166E2B0F27B9004664F5 /* CustomSlider */ = {
			isa = PBXGroup;
			children = (
				1763166F2B0F281D004664F5 /* CustomSlider.swift */,
				176316702B0F281D004664F5 /* CustomSlider.xib */,
			);
			path = CustomSlider;
			sourceTree = "<group>";
		};
		176316772B0F2874004664F5 /* CartCell */ = {
			isa = PBXGroup;
			children = (
				176316782B0F2895004664F5 /* CartTableViewCell.swift */,
				176316792B0F2895004664F5 /* CartTableViewCell.xib */,
			);
			path = CartCell;
			sourceTree = "<group>";
		};
		1763167C2B0F3193004664F5 /* GameScene */ = {
			isa = PBXGroup;
			children = (
				1763167E2B0F319F004664F5 /* File */,
				1763167D2B0F319B004664F5 /* View */,
			);
			path = GameScene;
			sourceTree = "<group>";
		};
		1763167D2B0F319B004664F5 /* View */ = {
			isa = PBXGroup;
			children = (
				176316812B0F31CB004664F5 /* GameViewController.swift */,
				176316822B0F31CB004664F5 /* GameViewController.xib */,
			);
			path = View;
			sourceTree = "<group>";
		};
		1763167E2B0F319F004664F5 /* File */ = {
			isa = PBXGroup;
			children = (
				1763167F2B0F31AF004664F5 /* GameScene.swift */,
				176316892B0F3E6E004664F5 /* CatchScene.swift */,
			);
			path = File;
			sourceTree = "<group>";
		};
		1763168E2B103D7B004664F5 /* PaymentCell */ = {
			isa = PBXGroup;
			children = (
				1763168F2B103D92004664F5 /* PaymentTableViewCell.swift */,
				176316902B103D92004664F5 /* PaymentTableViewCell.xib */,
			);
			path = PaymentCell;
			sourceTree = "<group>";
		};
		17B6A7382B0CAA170033C67A /* SprayPop */ = {
			isa = PBXGroup;
			children = (
				17B6A7392B0CAA380033C67A /* PopUpViewController.swift */,
				17B6A73A2B0CAA380033C67A /* PopUpViewController.xib */,
			);
			path = SprayPop;
			sourceTree = "<group>";
		};
		17D7084E2B0613B60031C682 /* Authentication */ = {
			isa = PBXGroup;
			children = (
				1763163B2B0D9C5F004664F5 /* Model */,
				1763163C2B0D9C6A004664F5 /* View */,
			);
			path = Authentication;
			sourceTree = "<group>";
		};
		17D708532B06152C0031C682 /* CustomTextField */ = {
			isa = PBXGroup;
			children = (
				17D708562B0615510031C682 /* CustomTextField.swift */,
				17D708542B0615410031C682 /* CustomTextField.xib */,
			);
			path = CustomTextField;
			sourceTree = "<group>";
		};
		17D708582B0619590031C682 /* CustomCheckBox */ = {
			isa = PBXGroup;
			children = (
				17D7085D2B061A710031C682 /* CheckBox.swift */,
				17D708592B06196D0031C682 /* CheckBox.xib */,
			);
			path = CustomCheckBox;
			sourceTree = "<group>";
		};
		17D7086C2B07357F0031C682 /* Agents */ = {
			isa = PBXGroup;
			children = (
				17D7088B2B07432F0031C682 /* Model */,
				173E9B822B0AF52000C37C48 /* Components */,
				17D7086D2B07359B0031C682 /* View */,
			);
			path = Agents;
			sourceTree = "<group>";
		};
		17D7086D2B07359B0031C682 /* View */ = {
			isa = PBXGroup;
			children = (
				17D7087F2B073E930031C682 /* View */,
			);
			path = View;
			sourceTree = "<group>";
		};
		17D708722B073A250031C682 /* TestingUI */ = {
			isa = PBXGroup;
			children = (
			);
			path = TestingUI;
			sourceTree = "<group>";
		};
		17D7087F2B073E930031C682 /* View */ = {
			isa = PBXGroup;
			children = (
				173E9B8B2B0B04D800C37C48 /* DescView */,
				173E9B8A2B0B04CF00C37C48 /* AgentView */,
			);
			path = View;
			sourceTree = "<group>";
		};
		17D708812B073EA60031C682 /* CustomComponents */ = {
			isa = PBXGroup;
			children = (
				17D708862B0741BF0031C682 /* SideCell */,
			);
			path = CustomComponents;
			sourceTree = "<group>";
		};
		17D708862B0741BF0031C682 /* SideCell */ = {
			isa = PBXGroup;
			children = (
				17D708872B0741D10031C682 /* SideTableViewCell.swift */,
				17D708882B0741D10031C682 /* SideTableViewCell.xib */,
			);
			path = SideCell;
			sourceTree = "<group>";
		};
		17D7088B2B07432F0031C682 /* Model */ = {
			isa = PBXGroup;
			children = (
				17D7088C2B07433A0031C682 /* AgentsContents.swift */,
			);
			path = Model;
			sourceTree = "<group>";
		};
		17D7088E2B0746AC0031C682 /* View */ = {
			isa = PBXGroup;
			children = (
				17D7088F2B0746C20031C682 /* SideViewController.swift */,
				17D708902B0746C20031C682 /* SideViewController.xib */,
			);
			path = View;
			sourceTree = "<group>";
		};
		17D708932B07492D0031C682 /* Main */ = {
			isa = PBXGroup;
			children = (
				17D708962B0749C70031C682 /* Model */,
				173E9B9B2B0C44DB00C37C48 /* Components */,
				17D708A42B0AE7D90031C682 /* View */,
			);
			path = Main;
			sourceTree = "<group>";
		};
		17D708962B0749C70031C682 /* Model */ = {
			isa = PBXGroup;
			children = (
				17D708972B0749D70031C682 /* MainContents.swift */,
			);
			path = Model;
			sourceTree = "<group>";
		};
		17D708A32B0AE7BC0031C682 /* SideMenu */ = {
			isa = PBXGroup;
			children = (
				17D708812B073EA60031C682 /* CustomComponents */,
				17D7088E2B0746AC0031C682 /* View */,
			);
			path = SideMenu;
			sourceTree = "<group>";
		};
		17D708A42B0AE7D90031C682 /* View */ = {
			isa = PBXGroup;
			children = (
				17D7089F2B074DBE0031C682 /* MainMenuViewController.swift */,
				17D708A02B074DBE0031C682 /* MainMenuViewController.xib */,
			);
			path = View;
			sourceTree = "<group>";
		};
/* End PBXGroup section */

/* Begin PBXNativeTarget section */
		175ACC122B05E0B900DC3522 /* NBAApp */ = {
			isa = PBXNativeTarget;
			buildConfigurationList = 175ACC2A2B05E0BA00DC3522 /* Build configuration list for PBXNativeTarget "NBAApp" */;
			buildPhases = (
				175ACC0F2B05E0B900DC3522 /* Sources */,
				175ACC102B05E0B900DC3522 /* Frameworks */,
				175ACC112B05E0B900DC3522 /* Resources */,
			);
			buildRules = (
			);
			dependencies = (
			);
			name = NBAApp;
			packageProductDependencies = (
				17D708602B061D460031C682 /* FloatingPanel */,
				17D708632B06ECD70031C682 /* RxCocoa */,
				17D708652B06ECD70031C682 /* RxRelay */,
				17D708672B06ECD70031C682 /* RxSwift */,
				17D7086A2B07304E0031C682 /* Alamofire */,
				173E9B882B0B011C00C37C48 /* Kingfisher */,
				1763168C2B103958004664F5 /* RxGesture */,
			);
			productName = NBAApp;
			productReference = 175ACC132B05E0B900DC3522 /* NBAApp.app */;
			productType = "com.apple.product-type.application";
		};
/* End PBXNativeTarget section */

/* Begin PBXProject section */
		175ACC0B2B05E0B900DC3522 /* Project object */ = {
			isa = PBXProject;
			attributes = {
				BuildIndependentTargetsInParallel = 1;
				LastSwiftUpdateCheck = 1410;
				LastUpgradeCheck = 1410;
				TargetAttributes = {
					175ACC122B05E0B900DC3522 = {
						CreatedOnToolsVersion = 14.1;
					};
				};
			};
			buildConfigurationList = 175ACC0E2B05E0B900DC3522 /* Build configuration list for PBXProject "NBAApp" */;
			compatibilityVersion = "Xcode 14.0";
			developmentRegion = en;
			hasScannedForEncodings = 0;
			knownRegions = (
				en,
				Base,
			);
			mainGroup = 175ACC0A2B05E0B900DC3522;
			packageReferences = (
				17D7085F2B061D460031C682 /* XCRemoteSwiftPackageReference "FloatingPanel" */,
				17D708622B06ECD70031C682 /* XCRemoteSwiftPackageReference "RxSwift" */,
				17D708692B07304E0031C682 /* XCRemoteSwiftPackageReference "Alamofire" */,
				173E9B872B0B011C00C37C48 /* XCRemoteSwiftPackageReference "Kingfisher" */,
				1763168B2B103958004664F5 /* XCRemoteSwiftPackageReference "RxGesture" */,
			);
			productRefGroup = 175ACC142B05E0B900DC3522 /* Products */;
			projectDirPath = "";
			projectRoot = "";
			targets = (
				175ACC122B05E0B900DC3522 /* NBAApp */,
			);
		};
/* End PBXProject section */

/* Begin PBXResourcesBuildPhase section */
		175ACC112B05E0B900DC3522 /* Resources */ = {
			isa = PBXResourcesBuildPhase;
			buildActionMask = 2147483647;
			files = (
				1706B8CF2B0C6B0E004EA55E /* WeaponViewController.xib in Resources */,
				1763164F2B0EE518004664F5 /* FirstTableViewCell.xib in Resources */,
				173E9BA02B0C44FC00C37C48 /* MapCollectionViewCell.xib in Resources */,
				17D7088A2B0741D10031C682 /* SideTableViewCell.xib in Resources */,
				173E9B862B0AF53F00C37C48 /* AgentCellTableViewCell.xib in Resources */,
				176316622B0EEC37004664F5 /* Item2CollectionViewCell.xib in Resources */,
				1763167B2B0F2895004664F5 /* CartTableViewCell.xib in Resources */,
				175ACC412B06000400DC3522 /* CustomButton.xib in Resources */,
				176316442B0DAAA5004664F5 /* StoreViewController.xib in Resources */,
				1706B8E62B0C9C06004EA55E /* SprayViewController.xib in Resources */,
				175ACC3D2B05F97F00DC3522 /* SplashScreenViewController.xib in Resources */,
				173E9B7B2B0AF1A000C37C48 /* AuthViewController.xib in Resources */,
				176316532B0EE552004664F5 /* SecondTableViewCell.xib in Resources */,
				176316582B0EE57E004664F5 /* ThirdTableViewCell.xib in Resources */,
				17D708552B0615410031C682 /* CustomTextField.xib in Resources */,
				17D7089C2B074AAA0031C682 /* AgentViewController.xib in Resources */,
				17B6A73C2B0CAA380033C67A /* PopUpViewController.xib in Resources */,
				17D708922B0746C20031C682 /* SideViewController.xib in Resources */,
				176316922B103D92004664F5 /* PaymentTableViewCell.xib in Resources */,
				1706B8DD2B0C8BE4004EA55E /* WeaponCollectionViewCell.xib in Resources */,
				1706B8D82B0C8B6F004EA55E /* GearCollectionViewCell.xib in Resources */,
				175ACC312B05F12C00DC3522 /* Secret.plist in Resources */,
				17D708A22B074DBE0031C682 /* MainMenuViewController.xib in Resources */,
				17D7085A2B06196D0031C682 /* CheckBox.xib in Resources */,
				175ACC232B05E0BA00DC3522 /* Assets.xcassets in Resources */,
				173E9B8F2B0B04ED00C37C48 /* AgentDescViewController.xib in Resources */,
				173E9B952B0B149800C37C48 /* DescTableViewCell.xib in Resources */,
				1706B8C02B0C52B2004EA55E /* TiersViewController.xib in Resources */,
				173E9BA52B0C4AE400C37C48 /* MapTableViewCell.xib in Resources */,
				1763165D2B0EEAC9004664F5 /* ItemCollectionViewCell.xib in Resources */,
				1706B8C92B0C5745004EA55E /* TiersCollectionViewCell.xib in Resources */,
				176316842B0F31CB004664F5 /* GameViewController.xib in Resources */,
				173E9B982B0B44C500C37C48 /* ClassView.xib in Resources */,
				1763166D2B0F26CB004664F5 /* TopUpViewController.xib in Resources */,
				176316882B0F38D7004664F5 /* CartViewController.xib in Resources */,
				176316722B0F281D004664F5 /* CustomSlider.xib in Resources */,
			);
			runOnlyForDeploymentPostprocessing = 0;
		};
/* End PBXResourcesBuildPhase section */

/* Begin PBXSourcesBuildPhase section */
		175ACC0F2B05E0B900DC3522 /* Sources */ = {
			isa = PBXSourcesBuildPhase;
			buildActionMask = 2147483647;
			files = (
				17D7089B2B074AAA0031C682 /* AgentViewController.swift in Sources */,
				176316712B0F281D004664F5 /* CustomSlider.swift in Sources */,
				176316872B0F38D7004664F5 /* CartViewController.swift in Sources */,
				176316472B0EE2B5004664F5 /* StoreContents.swift in Sources */,
				17D708892B0741D10031C682 /* SideTableViewCell.swift in Sources */,
				1706B8E92B0C9C21004EA55E /* SprayContents.swift in Sources */,
				175ACC1B2B05E0B900DC3522 /* ViewController.swift in Sources */,
				1706B8C32B0C5318004EA55E /* TierContents.swift in Sources */,
				173E9B9F2B0C44FC00C37C48 /* MapCollectionViewCell.swift in Sources */,
				17D708982B0749D70031C682 /* MainContents.swift in Sources */,
				17B6A73B2B0CAA380033C67A /* PopUpViewController.swift in Sources */,
				176316522B0EE552004664F5 /* SecondTableViewCell.swift in Sources */,
				176316432B0DAAA5004664F5 /* StoreViewController.swift in Sources */,
				1763167A2B0F2895004664F5 /* CartTableViewCell.swift in Sources */,
				17D708572B0615510031C682 /* CustomTextField.swift in Sources */,
				173E9BA42B0C4AE400C37C48 /* MapTableViewCell.swift in Sources */,
				17D708912B0746C20031C682 /* SideViewController.swift in Sources */,
				175ACC212B05E0B900DC3522 /* NBAApp.xcdatamodeld in Sources */,
				1706B8DC2B0C8BE4004EA55E /* WeaponCollectionViewCell.swift in Sources */,
				1763165C2B0EEAC9004664F5 /* ItemCollectionViewCell.swift in Sources */,
				17D7088D2B07433A0031C682 /* AgentsContents.swift in Sources */,
				1763163E2B0D9C81004664F5 /* AuthContents.swift in Sources */,
				1763166C2B0F26CB004664F5 /* TopUpViewController.swift in Sources */,
				1706B8BF2B0C52B2004EA55E /* TiersViewController.swift in Sources */,
				17D708512B0614E20031C682 /* AuthViewController.swift in Sources */,
				1763168A2B0F3E6E004664F5 /* CatchScene.swift in Sources */,
				175ACC3C2B05F97F00DC3522 /* SplashScreenViewController.swift in Sources */,
				1706B8C82B0C5745004EA55E /* TiersCollectionViewCell.swift in Sources */,
				173E9B9A2B0B44D400C37C48 /* ClassView.swift in Sources */,
				1763164E2B0EE518004664F5 /* FirstTableViewCell.swift in Sources */,
				176316832B0F31CB004664F5 /* GameViewController.swift in Sources */,
				175ACC362B05F29C00DC3522 /* NetworkManager.swift in Sources */,
				176316912B103D92004664F5 /* PaymentTableViewCell.swift in Sources */,
				173E9B942B0B149800C37C48 /* DescTableViewCell.swift in Sources */,
				176316612B0EEC37004664F5 /* Item2CollectionViewCell.swift in Sources */,
				1706B8E52B0C9C06004EA55E /* SprayViewController.swift in Sources */,
				175ACC452B06011B00DC3522 /* CodeHelper.swift in Sources */,
				1706B8CE2B0C6B0E004EA55E /* WeaponViewController.swift in Sources */,
				1706B8D22B0C6D5B004EA55E /* WeaponContents.swift in Sources */,
				173E9B852B0AF53F00C37C48 /* AgentCellTableViewCell.swift in Sources */,
				173E9B8E2B0B04ED00C37C48 /* AgentDescViewController.swift in Sources */,
				175ACC432B0600CD00DC3522 /* CustomButton.swift in Sources */,
				17D7085E2B061A710031C682 /* CheckBox.swift in Sources */,
				176316802B0F31AF004664F5 /* GameScene.swift in Sources */,
				175ACC172B05E0B900DC3522 /* AppDelegate.swift in Sources */,
				175ACC382B05F2A500DC3522 /* Endpoints.swift in Sources */,
				1706B8E02B0C8FBE004EA55E /* TooltipView.swift in Sources */,
				1706B8D72B0C8B6F004EA55E /* GearCollectionViewCell.swift in Sources */,
				17D708A12B074DBE0031C682 /* MainMenuViewController.swift in Sources */,
				175ACC192B05E0B900DC3522 /* SceneDelegate.swift in Sources */,
				176316572B0EE57E004664F5 /* ThirdTableViewCell.swift in Sources */,
			);
			runOnlyForDeploymentPostprocessing = 0;
		};
/* End PBXSourcesBuildPhase section */

/* Begin XCBuildConfiguration section */
		175ACC282B05E0BA00DC3522 /* Debug */ = {
			isa = XCBuildConfiguration;
			buildSettings = {
				ALWAYS_SEARCH_USER_PATHS = NO;
				CLANG_ANALYZER_NONNULL = YES;
				CLANG_ANALYZER_NUMBER_OBJECT_CONVERSION = YES_AGGRESSIVE;
				CLANG_CXX_LANGUAGE_STANDARD = "gnu++20";
				CLANG_ENABLE_MODULES = YES;
				CLANG_ENABLE_OBJC_ARC = YES;
				CLANG_ENABLE_OBJC_WEAK = YES;
				CLANG_WARN_BLOCK_CAPTURE_AUTORELEASING = YES;
				CLANG_WARN_BOOL_CONVERSION = YES;
				CLANG_WARN_COMMA = YES;
				CLANG_WARN_CONSTANT_CONVERSION = YES;
				CLANG_WARN_DEPRECATED_OBJC_IMPLEMENTATIONS = YES;
				CLANG_WARN_DIRECT_OBJC_ISA_USAGE = YES_ERROR;
				CLANG_WARN_DOCUMENTATION_COMMENTS = YES;
				CLANG_WARN_EMPTY_BODY = YES;
				CLANG_WARN_ENUM_CONVERSION = YES;
				CLANG_WARN_INFINITE_RECURSION = YES;
				CLANG_WARN_INT_CONVERSION = YES;
				CLANG_WARN_NON_LITERAL_NULL_CONVERSION = YES;
				CLANG_WARN_OBJC_IMPLICIT_RETAIN_SELF = YES;
				CLANG_WARN_OBJC_LITERAL_CONVERSION = YES;
				CLANG_WARN_OBJC_ROOT_CLASS = YES_ERROR;
				CLANG_WARN_QUOTED_INCLUDE_IN_FRAMEWORK_HEADER = YES;
				CLANG_WARN_RANGE_LOOP_ANALYSIS = YES;
				CLANG_WARN_STRICT_PROTOTYPES = YES;
				CLANG_WARN_SUSPICIOUS_MOVE = YES;
				CLANG_WARN_UNGUARDED_AVAILABILITY = YES_AGGRESSIVE;
				CLANG_WARN_UNREACHABLE_CODE = YES;
				CLANG_WARN__DUPLICATE_METHOD_MATCH = YES;
				COPY_PHASE_STRIP = NO;
				DEBUG_INFORMATION_FORMAT = dwarf;
				ENABLE_STRICT_OBJC_MSGSEND = YES;
				ENABLE_TESTABILITY = YES;
				GCC_C_LANGUAGE_STANDARD = gnu11;
				GCC_DYNAMIC_NO_PIC = NO;
				GCC_NO_COMMON_BLOCKS = YES;
				GCC_OPTIMIZATION_LEVEL = 0;
				GCC_PREPROCESSOR_DEFINITIONS = (
					"DEBUG=1",
					"$(inherited)",
				);
				GCC_WARN_64_TO_32_BIT_CONVERSION = YES;
				GCC_WARN_ABOUT_RETURN_TYPE = YES_ERROR;
				GCC_WARN_UNDECLARED_SELECTOR = YES;
				GCC_WARN_UNINITIALIZED_AUTOS = YES_AGGRESSIVE;
				GCC_WARN_UNUSED_FUNCTION = YES;
				GCC_WARN_UNUSED_VARIABLE = YES;
				IPHONEOS_DEPLOYMENT_TARGET = 16.1;
				MTL_ENABLE_DEBUG_INFO = INCLUDE_SOURCE;
				MTL_FAST_MATH = YES;
				ONLY_ACTIVE_ARCH = YES;
				SDKROOT = iphoneos;
				SWIFT_ACTIVE_COMPILATION_CONDITIONS = DEBUG;
				SWIFT_OPTIMIZATION_LEVEL = "-Onone";
			};
			name = Debug;
		};
		175ACC292B05E0BA00DC3522 /* Release */ = {
			isa = XCBuildConfiguration;
			buildSettings = {
				ALWAYS_SEARCH_USER_PATHS = NO;
				CLANG_ANALYZER_NONNULL = YES;
				CLANG_ANALYZER_NUMBER_OBJECT_CONVERSION = YES_AGGRESSIVE;
				CLANG_CXX_LANGUAGE_STANDARD = "gnu++20";
				CLANG_ENABLE_MODULES = YES;
				CLANG_ENABLE_OBJC_ARC = YES;
				CLANG_ENABLE_OBJC_WEAK = YES;
				CLANG_WARN_BLOCK_CAPTURE_AUTORELEASING = YES;
				CLANG_WARN_BOOL_CONVERSION = YES;
				CLANG_WARN_COMMA = YES;
				CLANG_WARN_CONSTANT_CONVERSION = YES;
				CLANG_WARN_DEPRECATED_OBJC_IMPLEMENTATIONS = YES;
				CLANG_WARN_DIRECT_OBJC_ISA_USAGE = YES_ERROR;
				CLANG_WARN_DOCUMENTATION_COMMENTS = YES;
				CLANG_WARN_EMPTY_BODY = YES;
				CLANG_WARN_ENUM_CONVERSION = YES;
				CLANG_WARN_INFINITE_RECURSION = YES;
				CLANG_WARN_INT_CONVERSION = YES;
				CLANG_WARN_NON_LITERAL_NULL_CONVERSION = YES;
				CLANG_WARN_OBJC_IMPLICIT_RETAIN_SELF = YES;
				CLANG_WARN_OBJC_LITERAL_CONVERSION = YES;
				CLANG_WARN_OBJC_ROOT_CLASS = YES_ERROR;
				CLANG_WARN_QUOTED_INCLUDE_IN_FRAMEWORK_HEADER = YES;
				CLANG_WARN_RANGE_LOOP_ANALYSIS = YES;
				CLANG_WARN_STRICT_PROTOTYPES = YES;
				CLANG_WARN_SUSPICIOUS_MOVE = YES;
				CLANG_WARN_UNGUARDED_AVAILABILITY = YES_AGGRESSIVE;
				CLANG_WARN_UNREACHABLE_CODE = YES;
				CLANG_WARN__DUPLICATE_METHOD_MATCH = YES;
				COPY_PHASE_STRIP = NO;
				DEBUG_INFORMATION_FORMAT = "dwarf-with-dsym";
				ENABLE_NS_ASSERTIONS = NO;
				ENABLE_STRICT_OBJC_MSGSEND = YES;
				GCC_C_LANGUAGE_STANDARD = gnu11;
				GCC_NO_COMMON_BLOCKS = YES;
				GCC_WARN_64_TO_32_BIT_CONVERSION = YES;
				GCC_WARN_ABOUT_RETURN_TYPE = YES_ERROR;
				GCC_WARN_UNDECLARED_SELECTOR = YES;
				GCC_WARN_UNINITIALIZED_AUTOS = YES_AGGRESSIVE;
				GCC_WARN_UNUSED_FUNCTION = YES;
				GCC_WARN_UNUSED_VARIABLE = YES;
				IPHONEOS_DEPLOYMENT_TARGET = 16.1;
				MTL_ENABLE_DEBUG_INFO = NO;
				MTL_FAST_MATH = YES;
				SDKROOT = iphoneos;
				SWIFT_COMPILATION_MODE = wholemodule;
				SWIFT_OPTIMIZATION_LEVEL = "-O";
				VALIDATE_PRODUCT = YES;
			};
			name = Release;
		};
		175ACC2B2B05E0BA00DC3522 /* Debug */ = {
			isa = XCBuildConfiguration;
			buildSettings = {
				ASSETCATALOG_COMPILER_APPICON_NAME = AppIcon;
				ASSETCATALOG_COMPILER_GLOBAL_ACCENT_COLOR_NAME = AccentColor;
				CODE_SIGN_STYLE = Automatic;
				CURRENT_PROJECT_VERSION = 1;
				DEVELOPMENT_TEAM = D98G8X42P8;
				GENERATE_INFOPLIST_FILE = YES;
				INFOPLIST_FILE = NBAApp/Info.plist;
				INFOPLIST_KEY_UIApplicationSupportsIndirectInputEvents = YES;
				INFOPLIST_KEY_UILaunchStoryboardName = LaunchScreen;
				INFOPLIST_KEY_UISupportedInterfaceOrientations_iPad = "UIInterfaceOrientationPortrait UIInterfaceOrientationPortraitUpsideDown UIInterfaceOrientationLandscapeLeft UIInterfaceOrientationLandscapeRight";
				INFOPLIST_KEY_UISupportedInterfaceOrientations_iPhone = "UIInterfaceOrientationPortrait UIInterfaceOrientationLandscapeLeft UIInterfaceOrientationLandscapeRight";
				LD_RUNPATH_SEARCH_PATHS = (
					"$(inherited)",
					"@executable_path/Frameworks",
				);
				MARKETING_VERSION = 1.0;
				PRODUCT_BUNDLE_IDENTIFIER = com.iplayallday.NBAApp;
				PRODUCT_NAME = "$(TARGET_NAME)";
				SWIFT_EMIT_LOC_STRINGS = YES;
				SWIFT_VERSION = 5.0;
				TARGETED_DEVICE_FAMILY = "1,2";
			};
			name = Debug;
		};
		175ACC2C2B05E0BA00DC3522 /* Release */ = {
			isa = XCBuildConfiguration;
			buildSettings = {
				ASSETCATALOG_COMPILER_APPICON_NAME = AppIcon;
				ASSETCATALOG_COMPILER_GLOBAL_ACCENT_COLOR_NAME = AccentColor;
				CODE_SIGN_STYLE = Automatic;
				CURRENT_PROJECT_VERSION = 1;
				DEVELOPMENT_TEAM = D98G8X42P8;
				GENERATE_INFOPLIST_FILE = YES;
				INFOPLIST_FILE = NBAApp/Info.plist;
				INFOPLIST_KEY_UIApplicationSupportsIndirectInputEvents = YES;
				INFOPLIST_KEY_UILaunchStoryboardName = LaunchScreen;
				INFOPLIST_KEY_UISupportedInterfaceOrientations_iPad = "UIInterfaceOrientationPortrait UIInterfaceOrientationPortraitUpsideDown UIInterfaceOrientationLandscapeLeft UIInterfaceOrientationLandscapeRight";
				INFOPLIST_KEY_UISupportedInterfaceOrientations_iPhone = "UIInterfaceOrientationPortrait UIInterfaceOrientationLandscapeLeft UIInterfaceOrientationLandscapeRight";
				LD_RUNPATH_SEARCH_PATHS = (
					"$(inherited)",
					"@executable_path/Frameworks",
				);
				MARKETING_VERSION = 1.0;
				PRODUCT_BUNDLE_IDENTIFIER = com.iplayallday.NBAApp;
				PRODUCT_NAME = "$(TARGET_NAME)";
				SWIFT_EMIT_LOC_STRINGS = YES;
				SWIFT_VERSION = 5.0;
				TARGETED_DEVICE_FAMILY = "1,2";
			};
			name = Release;
		};
/* End XCBuildConfiguration section */

/* Begin XCConfigurationList section */
		175ACC0E2B05E0B900DC3522 /* Build configuration list for PBXProject "NBAApp" */ = {
			isa = XCConfigurationList;
			buildConfigurations = (
				175ACC282B05E0BA00DC3522 /* Debug */,
				175ACC292B05E0BA00DC3522 /* Release */,
			);
			defaultConfigurationIsVisible = 0;
			defaultConfigurationName = Release;
		};
		175ACC2A2B05E0BA00DC3522 /* Build configuration list for PBXNativeTarget "NBAApp" */ = {
			isa = XCConfigurationList;
			buildConfigurations = (
				175ACC2B2B05E0BA00DC3522 /* Debug */,
				175ACC2C2B05E0BA00DC3522 /* Release */,
			);
			defaultConfigurationIsVisible = 0;
			defaultConfigurationName = Release;
		};
/* End XCConfigurationList section */

/* Begin XCRemoteSwiftPackageReference section */
		173E9B872B0B011C00C37C48 /* XCRemoteSwiftPackageReference "Kingfisher" */ = {
			isa = XCRemoteSwiftPackageReference;
			repositoryURL = "https://github.com/onevcat/Kingfisher.git";
			requirement = {
				kind = upToNextMajorVersion;
				minimumVersion = 7.0.0;
			};
		};
		1763168B2B103958004664F5 /* XCRemoteSwiftPackageReference "RxGesture" */ = {
			isa = XCRemoteSwiftPackageReference;
			repositoryURL = "https://github.com/RxSwiftCommunity/RxGesture";
			requirement = {
				kind = upToNextMajorVersion;
				minimumVersion = 4.0.0;
			};
		};
		17D7085F2B061D460031C682 /* XCRemoteSwiftPackageReference "FloatingPanel" */ = {
			isa = XCRemoteSwiftPackageReference;
			repositoryURL = "https://github.com/scenee/FloatingPanel";
			requirement = {
				branch = master;
				kind = branch;
			};
		};
		17D708622B06ECD70031C682 /* XCRemoteSwiftPackageReference "RxSwift" */ = {
			isa = XCRemoteSwiftPackageReference;
			repositoryURL = "https://github.com/ReactiveX/RxSwift.git";
			requirement = {
				branch = main;
				kind = branch;
			};
		};
		17D708692B07304E0031C682 /* XCRemoteSwiftPackageReference "Alamofire" */ = {
			isa = XCRemoteSwiftPackageReference;
			repositoryURL = "https://github.com/Alamofire/Alamofire.git";
			requirement = {
				kind = upToNextMajorVersion;
				minimumVersion = 5.0.0;
			};
		};
/* End XCRemoteSwiftPackageReference section */

/* Begin XCSwiftPackageProductDependency section */
		173E9B882B0B011C00C37C48 /* Kingfisher */ = {
			isa = XCSwiftPackageProductDependency;
			package = 173E9B872B0B011C00C37C48 /* XCRemoteSwiftPackageReference "Kingfisher" */;
			productName = Kingfisher;
		};
		1763168C2B103958004664F5 /* RxGesture */ = {
			isa = XCSwiftPackageProductDependency;
			package = 1763168B2B103958004664F5 /* XCRemoteSwiftPackageReference "RxGesture" */;
			productName = RxGesture;
		};
		17D708602B061D460031C682 /* FloatingPanel */ = {
			isa = XCSwiftPackageProductDependency;
			package = 17D7085F2B061D460031C682 /* XCRemoteSwiftPackageReference "FloatingPanel" */;
			productName = FloatingPanel;
		};
		17D708632B06ECD70031C682 /* RxCocoa */ = {
			isa = XCSwiftPackageProductDependency;
			package = 17D708622B06ECD70031C682 /* XCRemoteSwiftPackageReference "RxSwift" */;
			productName = RxCocoa;
		};
		17D708652B06ECD70031C682 /* RxRelay */ = {
			isa = XCSwiftPackageProductDependency;
			package = 17D708622B06ECD70031C682 /* XCRemoteSwiftPackageReference "RxSwift" */;
			productName = RxRelay;
		};
		17D708672B06ECD70031C682 /* RxSwift */ = {
			isa = XCSwiftPackageProductDependency;
			package = 17D708622B06ECD70031C682 /* XCRemoteSwiftPackageReference "RxSwift" */;
			productName = RxSwift;
		};
		17D7086A2B07304E0031C682 /* Alamofire */ = {
			isa = XCSwiftPackageProductDependency;
			package = 17D708692B07304E0031C682 /* XCRemoteSwiftPackageReference "Alamofire" */;
			productName = Alamofire;
		};
/* End XCSwiftPackageProductDependency section */

/* Begin XCVersionGroup section */
		175ACC1F2B05E0B900DC3522 /* NBAApp.xcdatamodeld */ = {
			isa = XCVersionGroup;
			children = (
				175ACC202B05E0B900DC3522 /* NBAApp.xcdatamodel */,
			);
			currentVersion = 175ACC202B05E0B900DC3522 /* NBAApp.xcdatamodel */;
			path = NBAApp.xcdatamodeld;
			sourceTree = "<group>";
			versionGroupType = wrapper.xcdatamodel;
		};
/* End XCVersionGroup section */
	};
	rootObject = 175ACC0B2B05E0B900DC3522 /* Project object */;
}
